// !$*UTF8*$!
{
	archiveVersion = 1;
	classes = {
	};
	objectVersion = 48;
	objects = {

/* Begin PBXBuildFile section */
		23D0B644B4C6EACDA3693733 /* Pods_YouYaoQi.framework in Frameworks */ = {isa = PBXBuildFile; fileRef = 82B4115151F208E28CEC2EDC /* Pods_YouYaoQi.framework */; };
		410CB3D229FA0918F3A6D4BC /* Pods_YouYaoQiTests.framework in Frameworks */ = {isa = PBXBuildFile; fileRef = 54C611E07E01155AFAECA1A0 /* Pods_YouYaoQiTests.framework */; };
		7664172C1FE3AB9A009763BF /* AppDelegate.swift in Sources */ = {isa = PBXBuildFile; fileRef = 7664172B1FE3AB9A009763BF /* AppDelegate.swift */; };
		7664172E1FE3AB9A009763BF /* ViewController.swift in Sources */ = {isa = PBXBuildFile; fileRef = 7664172D1FE3AB9A009763BF /* ViewController.swift */; };
		766417361FE3AB9A009763BF /* LaunchScreen.storyboard in Resources */ = {isa = PBXBuildFile; fileRef = 766417341FE3AB9A009763BF /* LaunchScreen.storyboard */; };
		766417411FE3AB9A009763BF /* YouYaoQiTests.swift in Sources */ = {isa = PBXBuildFile; fileRef = 766417401FE3AB9A009763BF /* YouYaoQiTests.swift */; };
		7664174C1FE3AB9B009763BF /* YouYaoQiUITests.swift in Sources */ = {isa = PBXBuildFile; fileRef = 7664174B1FE3AB9B009763BF /* YouYaoQiUITests.swift */; };
		7664175A1FE3ABB7009763BF /* Assets.xcassets in Resources */ = {isa = PBXBuildFile; fileRef = 766417591FE3ABB7009763BF /* Assets.xcassets */; };
		766417611FE3B2C9009763BF /* UAPI.swift in Sources */ = {isa = PBXBuildFile; fileRef = 766417601FE3B2C9009763BF /* UAPI.swift */; };
		766417631FE3B424009763BF /* UModel.swift in Sources */ = {isa = PBXBuildFile; fileRef = 766417621FE3B424009763BF /* UModel.swift */; };
		76C759E71FE74A3C00B5C986 /* ArrayExtensions.swift in Sources */ = {isa = PBXBuildFile; fileRef = 76C759E61FE74A3C00B5C986 /* ArrayExtensions.swift */; };
		76C759E91FE75B5700B5C986 /* UIColorExtension.swift in Sources */ = {isa = PBXBuildFile; fileRef = 76C759E81FE75B5700B5C986 /* UIColorExtension.swift */; };
		76C759EB1FE7622000B5C986 /* UIViewExtension.swift in Sources */ = {isa = PBXBuildFile; fileRef = 76C759EA1FE7622000B5C986 /* UIViewExtension.swift */; };
		76C759ED1FE7897300B5C986 /* UIBarButtonItemExtenison.swift in Sources */ = {isa = PBXBuildFile; fileRef = 76C759EC1FE7897300B5C986 /* UIBarButtonItemExtenison.swift */; };
		76C759EF1FE78BE500B5C986 /* UIDeviceExtension.swift in Sources */ = {isa = PBXBuildFile; fileRef = 76C759EE1FE78BE500B5C986 /* UIDeviceExtension.swift */; };
		76C759F11FE78D6D00B5C986 /* UIImageExtensions.swift in Sources */ = {isa = PBXBuildFile; fileRef = 76C759F01FE78D6D00B5C986 /* UIImageExtensions.swift */; };
		76C759F31FE792F700B5C986 /* DispatchQueueExtension.swift in Sources */ = {isa = PBXBuildFile; fileRef = 76C759F21FE792F700B5C986 /* DispatchQueueExtension.swift */; };
		76C759F51FE7938400B5C986 /* StringExtension.swift in Sources */ = {isa = PBXBuildFile; fileRef = 76C759F41FE7938400B5C986 /* StringExtension.swift */; };
		76C759F71FE7943100B5C986 /* DictionaryExtension.swift in Sources */ = {isa = PBXBuildFile; fileRef = 76C759F61FE7943100B5C986 /* DictionaryExtension.swift */; };
		76C75A011FE7B58700B5C986 /* UNoticeBar.swift in Sources */ = {isa = PBXBuildFile; fileRef = 76C75A001FE7B58700B5C986 /* UNoticeBar.swift */; };
		B84F36C51D3C0A6C284217CB /* Pods_YouYaoQiUITests.framework in Frameworks */ = {isa = PBXBuildFile; fileRef = EE06BA734719C060753CAEFF /* Pods_YouYaoQiUITests.framework */; };
/* End PBXBuildFile section */

/* Begin PBXContainerItemProxy section */
		7664173D1FE3AB9A009763BF /* PBXContainerItemProxy */ = {
			isa = PBXContainerItemProxy;
			containerPortal = 766417201FE3AB9A009763BF /* Project object */;
			proxyType = 1;
			remoteGlobalIDString = 766417271FE3AB9A009763BF;
			remoteInfo = YouYaoQi;
		};
		766417481FE3AB9B009763BF /* PBXContainerItemProxy */ = {
			isa = PBXContainerItemProxy;
			containerPortal = 766417201FE3AB9A009763BF /* Project object */;
			proxyType = 1;
			remoteGlobalIDString = 766417271FE3AB9A009763BF;
			remoteInfo = YouYaoQi;
		};
/* End PBXContainerItemProxy section */

/* Begin PBXFileReference section */
		11D5D680979520BF78E8A81E /* Pods-YouYaoQiUITests.release.xcconfig */ = {isa = PBXFileReference; includeInIndex = 1; lastKnownFileType = text.xcconfig; name = "Pods-YouYaoQiUITests.release.xcconfig"; path = "Pods/Target Support Files/Pods-YouYaoQiUITests/Pods-YouYaoQiUITests.release.xcconfig"; sourceTree = "<group>"; };
		29DBB16EFA908F0F06C91C7A /* Pods-YouYaoQiUITests.debug.xcconfig */ = {isa = PBXFileReference; includeInIndex = 1; lastKnownFileType = text.xcconfig; name = "Pods-YouYaoQiUITests.debug.xcconfig"; path = "Pods/Target Support Files/Pods-YouYaoQiUITests/Pods-YouYaoQiUITests.debug.xcconfig"; sourceTree = "<group>"; };
		33503AD5166940AA6B63A52D /* Pods-YouYaoQi.debug.xcconfig */ = {isa = PBXFileReference; includeInIndex = 1; lastKnownFileType = text.xcconfig; name = "Pods-YouYaoQi.debug.xcconfig"; path = "Pods/Target Support Files/Pods-YouYaoQi/Pods-YouYaoQi.debug.xcconfig"; sourceTree = "<group>"; };
		54C611E07E01155AFAECA1A0 /* Pods_YouYaoQiTests.framework */ = {isa = PBXFileReference; explicitFileType = wrapper.framework; includeInIndex = 0; path = Pods_YouYaoQiTests.framework; sourceTree = BUILT_PRODUCTS_DIR; };
		74BCFD2C3FE4BAF13C2B06B0 /* Pods-YouYaoQiTests.debug.xcconfig */ = {isa = PBXFileReference; includeInIndex = 1; lastKnownFileType = text.xcconfig; name = "Pods-YouYaoQiTests.debug.xcconfig"; path = "Pods/Target Support Files/Pods-YouYaoQiTests/Pods-YouYaoQiTests.debug.xcconfig"; sourceTree = "<group>"; };
		766417281FE3AB9A009763BF /* YouYaoQi.app */ = {isa = PBXFileReference; explicitFileType = wrapper.application; includeInIndex = 0; path = YouYaoQi.app; sourceTree = BUILT_PRODUCTS_DIR; };
		7664172B1FE3AB9A009763BF /* AppDelegate.swift */ = {isa = PBXFileReference; lastKnownFileType = sourcecode.swift; path = AppDelegate.swift; sourceTree = "<group>"; };
		7664172D1FE3AB9A009763BF /* ViewController.swift */ = {isa = PBXFileReference; lastKnownFileType = sourcecode.swift; path = ViewController.swift; sourceTree = "<group>"; };
		766417351FE3AB9A009763BF /* Base */ = {isa = PBXFileReference; lastKnownFileType = file.storyboard; name = Base; path = Base.lproj/LaunchScreen.storyboard; sourceTree = "<group>"; };
		766417371FE3AB9A009763BF /* Info.plist */ = {isa = PBXFileReference; lastKnownFileType = text.plist.xml; path = Info.plist; sourceTree = "<group>"; };
		7664173C1FE3AB9A009763BF /* YouYaoQiTests.xctest */ = {isa = PBXFileReference; explicitFileType = wrapper.cfbundle; includeInIndex = 0; path = YouYaoQiTests.xctest; sourceTree = BUILT_PRODUCTS_DIR; };
		766417401FE3AB9A009763BF /* YouYaoQiTests.swift */ = {isa = PBXFileReference; lastKnownFileType = sourcecode.swift; path = YouYaoQiTests.swift; sourceTree = "<group>"; };
		766417421FE3AB9A009763BF /* Info.plist */ = {isa = PBXFileReference; lastKnownFileType = text.plist.xml; path = Info.plist; sourceTree = "<group>"; };
		766417471FE3AB9B009763BF /* YouYaoQiUITests.xctest */ = {isa = PBXFileReference; explicitFileType = wrapper.cfbundle; includeInIndex = 0; path = YouYaoQiUITests.xctest; sourceTree = BUILT_PRODUCTS_DIR; };
		7664174B1FE3AB9B009763BF /* YouYaoQiUITests.swift */ = {isa = PBXFileReference; lastKnownFileType = sourcecode.swift; path = YouYaoQiUITests.swift; sourceTree = "<group>"; };
		7664174D1FE3AB9B009763BF /* Info.plist */ = {isa = PBXFileReference; lastKnownFileType = text.plist.xml; path = Info.plist; sourceTree = "<group>"; };
		766417591FE3ABB7009763BF /* Assets.xcassets */ = {isa = PBXFileReference; lastKnownFileType = folder.assetcatalog; path = Assets.xcassets; sourceTree = "<group>"; };
		766417601FE3B2C9009763BF /* UAPI.swift */ = {isa = PBXFileReference; lastKnownFileType = sourcecode.swift; path = UAPI.swift; sourceTree = "<group>"; };
		766417621FE3B424009763BF /* UModel.swift */ = {isa = PBXFileReference; lastKnownFileType = sourcecode.swift; path = UModel.swift; sourceTree = "<group>"; };
		76C759E61FE74A3C00B5C986 /* ArrayExtensions.swift */ = {isa = PBXFileReference; lastKnownFileType = sourcecode.swift; path = ArrayExtensions.swift; sourceTree = "<group>"; };
		76C759E81FE75B5700B5C986 /* UIColorExtension.swift */ = {isa = PBXFileReference; lastKnownFileType = sourcecode.swift; path = UIColorExtension.swift; sourceTree = "<group>"; };
		76C759EA1FE7622000B5C986 /* UIViewExtension.swift */ = {isa = PBXFileReference; lastKnownFileType = sourcecode.swift; path = UIViewExtension.swift; sourceTree = "<group>"; };
		76C759EC1FE7897300B5C986 /* UIBarButtonItemExtenison.swift */ = {isa = PBXFileReference; lastKnownFileType = sourcecode.swift; path = UIBarButtonItemExtenison.swift; sourceTree = "<group>"; };
		76C759EE1FE78BE500B5C986 /* UIDeviceExtension.swift */ = {isa = PBXFileReference; lastKnownFileType = sourcecode.swift; path = UIDeviceExtension.swift; sourceTree = "<group>"; };
		76C759F01FE78D6D00B5C986 /* UIImageExtensions.swift */ = {isa = PBXFileReference; lastKnownFileType = sourcecode.swift; path = UIImageExtensions.swift; sourceTree = "<group>"; };
		76C759F21FE792F700B5C986 /* DispatchQueueExtension.swift */ = {isa = PBXFileReference; lastKnownFileType = sourcecode.swift; path = DispatchQueueExtension.swift; sourceTree = "<group>"; };
		76C759F41FE7938400B5C986 /* StringExtension.swift */ = {isa = PBXFileReference; lastKnownFileType = sourcecode.swift; path = StringExtension.swift; sourceTree = "<group>"; };
		76C759F61FE7943100B5C986 /* DictionaryExtension.swift */ = {isa = PBXFileReference; lastKnownFileType = sourcecode.swift; path = DictionaryExtension.swift; sourceTree = "<group>"; };
		76C75A001FE7B58700B5C986 /* UNoticeBar.swift */ = {isa = PBXFileReference; lastKnownFileType = sourcecode.swift; path = UNoticeBar.swift; sourceTree = "<group>"; };
		82B4115151F208E28CEC2EDC /* Pods_YouYaoQi.framework */ = {isa = PBXFileReference; explicitFileType = wrapper.framework; includeInIndex = 0; path = Pods_YouYaoQi.framework; sourceTree = BUILT_PRODUCTS_DIR; };
		8A0DE7B6FEB6E3F045EF71B4 /* Pods-YouYaoQi.release.xcconfig */ = {isa = PBXFileReference; includeInIndex = 1; lastKnownFileType = text.xcconfig; name = "Pods-YouYaoQi.release.xcconfig"; path = "Pods/Target Support Files/Pods-YouYaoQi/Pods-YouYaoQi.release.xcconfig"; sourceTree = "<group>"; };
		E5F565E38D2C6270E16DE5BF /* Pods-YouYaoQiTests.release.xcconfig */ = {isa = PBXFileReference; includeInIndex = 1; lastKnownFileType = text.xcconfig; name = "Pods-YouYaoQiTests.release.xcconfig"; path = "Pods/Target Support Files/Pods-YouYaoQiTests/Pods-YouYaoQiTests.release.xcconfig"; sourceTree = "<group>"; };
		EE06BA734719C060753CAEFF /* Pods_YouYaoQiUITests.framework */ = {isa = PBXFileReference; explicitFileType = wrapper.framework; includeInIndex = 0; path = Pods_YouYaoQiUITests.framework; sourceTree = BUILT_PRODUCTS_DIR; };
/* End PBXFileReference section */

/* Begin PBXFrameworksBuildPhase section */
		766417251FE3AB9A009763BF /* Frameworks */ = {
			isa = PBXFrameworksBuildPhase;
			buildActionMask = 2147483647;
			files = (
				23D0B644B4C6EACDA3693733 /* Pods_YouYaoQi.framework in Frameworks */,
			);
			runOnlyForDeploymentPostprocessing = 0;
		};
		766417391FE3AB9A009763BF /* Frameworks */ = {
			isa = PBXFrameworksBuildPhase;
			buildActionMask = 2147483647;
			files = (
				410CB3D229FA0918F3A6D4BC /* Pods_YouYaoQiTests.framework in Frameworks */,
			);
			runOnlyForDeploymentPostprocessing = 0;
		};
		766417441FE3AB9B009763BF /* Frameworks */ = {
			isa = PBXFrameworksBuildPhase;
			buildActionMask = 2147483647;
			files = (
				B84F36C51D3C0A6C284217CB /* Pods_YouYaoQiUITests.framework in Frameworks */,
			);
			runOnlyForDeploymentPostprocessing = 0;
		};
/* End PBXFrameworksBuildPhase section */

/* Begin PBXGroup section */
		3E8E04599E1D4042C453B431 /* Frameworks */ = {
			isa = PBXGroup;
			children = (
				82B4115151F208E28CEC2EDC /* Pods_YouYaoQi.framework */,
				54C611E07E01155AFAECA1A0 /* Pods_YouYaoQiTests.framework */,
				EE06BA734719C060753CAEFF /* Pods_YouYaoQiUITests.framework */,
			);
			name = Frameworks;
			sourceTree = "<group>";
		};
		7664171F1FE3AB9A009763BF = {
			isa = PBXGroup;
			children = (
				7664172A1FE3AB9A009763BF /* YouYaoQi */,
				7664173F1FE3AB9A009763BF /* YouYaoQiTests */,
				7664174A1FE3AB9B009763BF /* YouYaoQiUITests */,
				766417291FE3AB9A009763BF /* Products */,
				B260031556F00509AC29A66A /* Pods */,
				3E8E04599E1D4042C453B431 /* Frameworks */,
			);
			sourceTree = "<group>";
		};
		766417291FE3AB9A009763BF /* Products */ = {
			isa = PBXGroup;
			children = (
				766417281FE3AB9A009763BF /* YouYaoQi.app */,
				7664173C1FE3AB9A009763BF /* YouYaoQiTests.xctest */,
				766417471FE3AB9B009763BF /* YouYaoQiUITests.xctest */,
			);
			name = Products;
			sourceTree = "<group>";
		};
		7664172A1FE3AB9A009763BF /* YouYaoQi */ = {
			isa = PBXGroup;
			children = (
				7664175F1FE3AEC3009763BF /* Procedure */,
				7664175E1FE3AEBD009763BF /* Model */,
				7664175D1FE3AEB0009763BF /* Extension */,
				7664175C1FE3AE9A009763BF /* Component */,
				7664175B1FE3AE90009763BF /* API */,
				7664172B1FE3AB9A009763BF /* AppDelegate.swift */,
				7664172D1FE3AB9A009763BF /* ViewController.swift */,
				766417591FE3ABB7009763BF /* Assets.xcassets */,
				766417341FE3AB9A009763BF /* LaunchScreen.storyboard */,
				766417371FE3AB9A009763BF /* Info.plist */,
			);
			path = YouYaoQi;
			sourceTree = "<group>";
		};
		7664173F1FE3AB9A009763BF /* YouYaoQiTests */ = {
			isa = PBXGroup;
			children = (
				766417401FE3AB9A009763BF /* YouYaoQiTests.swift */,
				766417421FE3AB9A009763BF /* Info.plist */,
			);
			path = YouYaoQiTests;
			sourceTree = "<group>";
		};
		7664174A1FE3AB9B009763BF /* YouYaoQiUITests */ = {
			isa = PBXGroup;
			children = (
				7664174B1FE3AB9B009763BF /* YouYaoQiUITests.swift */,
				7664174D1FE3AB9B009763BF /* Info.plist */,
			);
			path = YouYaoQiUITests;
			sourceTree = "<group>";
		};
		7664175B1FE3AE90009763BF /* API */ = {
			isa = PBXGroup;
			children = (
				766417601FE3B2C9009763BF /* UAPI.swift */,
			);
			path = API;
			sourceTree = "<group>";
		};
		7664175C1FE3AE9A009763BF /* Component */ = {
			isa = PBXGroup;
			children = (
				76C759FF1FE7B55B00B5C986 /* HairPowder */,
				76C759FE1FE7B54F00B5C986 /* BarButtonItem */,
				76C759FD1FE7B53200B5C986 /* CollectionViewLayout */,
				76C759FC1FE7B52A00B5C986 /* Refresh */,
				76C759FB1FE7B51D00B5C986 /* EmptyDataSet */,
				76C759FA1FE7B50D00B5C986 /* SnapKitExtension */,
				76C759F91FE7B4FD00B5C986 /* ParallaxHeader */,
				76C759F81FE7B4EA00B5C986 /* NoticeBar */,
			);
			path = Component;
			sourceTree = "<group>";
		};
		7664175D1FE3AEB0009763BF /* Extension */ = {
			isa = PBXGroup;
			children = (
				76C759E61FE74A3C00B5C986 /* ArrayExtensions.swift */,
				76C759E81FE75B5700B5C986 /* UIColorExtension.swift */,
				76C759EA1FE7622000B5C986 /* UIViewExtension.swift */,
				76C759EC1FE7897300B5C986 /* UIBarButtonItemExtenison.swift */,
				76C759EE1FE78BE500B5C986 /* UIDeviceExtension.swift */,
				76C759F01FE78D6D00B5C986 /* UIImageExtensions.swift */,
				76C759F21FE792F700B5C986 /* DispatchQueueExtension.swift */,
				76C759F41FE7938400B5C986 /* StringExtension.swift */,
				76C759F61FE7943100B5C986 /* DictionaryExtension.swift */,
			);
			path = Extension;
			sourceTree = "<group>";
		};
		7664175E1FE3AEBD009763BF /* Model */ = {
			isa = PBXGroup;
			children = (
				766417621FE3B424009763BF /* UModel.swift */,
			);
			path = Model;
			sourceTree = "<group>";
		};
		7664175F1FE3AEC3009763BF /* Procedure */ = {
			isa = PBXGroup;
			children = (
			);
			path = Procedure;
			sourceTree = "<group>";
		};
		76C759F81FE7B4EA00B5C986 /* NoticeBar */ = {
			isa = PBXGroup;
			children = (
				76C75A001FE7B58700B5C986 /* UNoticeBar.swift */,
			);
			path = NoticeBar;
			sourceTree = "<group>";
		};
		76C759F91FE7B4FD00B5C986 /* ParallaxHeader */ = {
			isa = PBXGroup;
			children = (
			);
			path = ParallaxHeader;
			sourceTree = "<group>";
		};
		76C759FA1FE7B50D00B5C986 /* SnapKitExtension */ = {
			isa = PBXGroup;
			children = (
			);
			path = SnapKitExtension;
			sourceTree = "<group>";
		};
		76C759FB1FE7B51D00B5C986 /* EmptyDataSet */ = {
			isa = PBXGroup;
			children = (
			);
			path = EmptyDataSet;
			sourceTree = "<group>";
		};
		76C759FC1FE7B52A00B5C986 /* Refresh */ = {
			isa = PBXGroup;
			children = (
			);
			path = Refresh;
			sourceTree = "<group>";
		};
		76C759FD1FE7B53200B5C986 /* CollectionViewLayout */ = {
			isa = PBXGroup;
			children = (
			);
			path = CollectionViewLayout;
			sourceTree = "<group>";
		};
		76C759FE1FE7B54F00B5C986 /* BarButtonItem */ = {
			isa = PBXGroup;
			children = (
			);
			path = BarButtonItem;
			sourceTree = "<group>";
		};
		76C759FF1FE7B55B00B5C986 /* HairPowder */ = {
			isa = PBXGroup;
			children = (
			);
			path = HairPowder;
			sourceTree = "<group>";
		};
		B260031556F00509AC29A66A /* Pods */ = {
			isa = PBXGroup;
			children = (
				33503AD5166940AA6B63A52D /* Pods-YouYaoQi.debug.xcconfig */,
				8A0DE7B6FEB6E3F045EF71B4 /* Pods-YouYaoQi.release.xcconfig */,
				74BCFD2C3FE4BAF13C2B06B0 /* Pods-YouYaoQiTests.debug.xcconfig */,
				E5F565E38D2C6270E16DE5BF /* Pods-YouYaoQiTests.release.xcconfig */,
				29DBB16EFA908F0F06C91C7A /* Pods-YouYaoQiUITests.debug.xcconfig */,
				11D5D680979520BF78E8A81E /* Pods-YouYaoQiUITests.release.xcconfig */,
			);
			name = Pods;
			sourceTree = "<group>";
		};
/* End PBXGroup section */

/* Begin PBXNativeTarget section */
		766417271FE3AB9A009763BF /* YouYaoQi */ = {
			isa = PBXNativeTarget;
			buildConfigurationList = 766417501FE3AB9B009763BF /* Build configuration list for PBXNativeTarget "YouYaoQi" */;
			buildPhases = (
				E2BA6C20246DF56FF6932B66 /* [CP] Check Pods Manifest.lock */,
				766417241FE3AB9A009763BF /* Sources */,
				766417251FE3AB9A009763BF /* Frameworks */,
				766417261FE3AB9A009763BF /* Resources */,
				E3A45502510E374853F3867B /* [CP] Embed Pods Frameworks */,
				AA767C3144E7E2609E3EC72C /* [CP] Copy Pods Resources */,
			);
			buildRules = (
			);
			dependencies = (
			);
			name = YouYaoQi;
			productName = YouYaoQi;
			productReference = 766417281FE3AB9A009763BF /* YouYaoQi.app */;
			productType = "com.apple.product-type.application";
		};
		7664173B1FE3AB9A009763BF /* YouYaoQiTests */ = {
			isa = PBXNativeTarget;
			buildConfigurationList = 766417531FE3AB9B009763BF /* Build configuration list for PBXNativeTarget "YouYaoQiTests" */;
			buildPhases = (
				77F3769C76D9D8D618DF54E1 /* [CP] Check Pods Manifest.lock */,
				766417381FE3AB9A009763BF /* Sources */,
				766417391FE3AB9A009763BF /* Frameworks */,
				7664173A1FE3AB9A009763BF /* Resources */,
				A83D2A72D02380C0FC1A01BB /* [CP] Embed Pods Frameworks */,
				239D3E8C0817CBAF18ED4515 /* [CP] Copy Pods Resources */,
			);
			buildRules = (
			);
			dependencies = (
				7664173E1FE3AB9A009763BF /* PBXTargetDependency */,
			);
			name = YouYaoQiTests;
			productName = YouYaoQiTests;
			productReference = 7664173C1FE3AB9A009763BF /* YouYaoQiTests.xctest */;
			productType = "com.apple.product-type.bundle.unit-test";
		};
		766417461FE3AB9B009763BF /* YouYaoQiUITests */ = {
			isa = PBXNativeTarget;
			buildConfigurationList = 766417561FE3AB9B009763BF /* Build configuration list for PBXNativeTarget "YouYaoQiUITests" */;
			buildPhases = (
				8D2F1B00975E76F1AB01D2EF /* [CP] Check Pods Manifest.lock */,
				766417431FE3AB9B009763BF /* Sources */,
				766417441FE3AB9B009763BF /* Frameworks */,
				766417451FE3AB9B009763BF /* Resources */,
				C9BAE1955965915C107C506D /* [CP] Embed Pods Frameworks */,
				5BCD72D536E5A70E188418C6 /* [CP] Copy Pods Resources */,
			);
			buildRules = (
			);
			dependencies = (
				766417491FE3AB9B009763BF /* PBXTargetDependency */,
			);
			name = YouYaoQiUITests;
			productName = YouYaoQiUITests;
			productReference = 766417471FE3AB9B009763BF /* YouYaoQiUITests.xctest */;
			productType = "com.apple.product-type.bundle.ui-testing";
		};
/* End PBXNativeTarget section */

/* Begin PBXProject section */
		766417201FE3AB9A009763BF /* Project object */ = {
			isa = PBXProject;
			attributes = {
				LastSwiftUpdateCheck = 0920;
				LastUpgradeCheck = 0920;
				ORGANIZATIONNAME = PengLiang;
				TargetAttributes = {
					766417271FE3AB9A009763BF = {
						CreatedOnToolsVersion = 9.2;
						ProvisioningStyle = Automatic;
					};
					7664173B1FE3AB9A009763BF = {
						CreatedOnToolsVersion = 9.2;
						ProvisioningStyle = Automatic;
						TestTargetID = 766417271FE3AB9A009763BF;
					};
					766417461FE3AB9B009763BF = {
						CreatedOnToolsVersion = 9.2;
						ProvisioningStyle = Automatic;
						TestTargetID = 766417271FE3AB9A009763BF;
					};
				};
			};
			buildConfigurationList = 766417231FE3AB9A009763BF /* Build configuration list for PBXProject "YouYaoQi" */;
			compatibilityVersion = "Xcode 8.0";
			developmentRegion = en;
			hasScannedForEncodings = 0;
			knownRegions = (
				en,
				Base,
			);
			mainGroup = 7664171F1FE3AB9A009763BF;
			productRefGroup = 766417291FE3AB9A009763BF /* Products */;
			projectDirPath = "";
			projectRoot = "";
			targets = (
				766417271FE3AB9A009763BF /* YouYaoQi */,
				7664173B1FE3AB9A009763BF /* YouYaoQiTests */,
				766417461FE3AB9B009763BF /* YouYaoQiUITests */,
			);
		};
/* End PBXProject section */

/* Begin PBXResourcesBuildPhase section */
		766417261FE3AB9A009763BF /* Resources */ = {
			isa = PBXResourcesBuildPhase;
			buildActionMask = 2147483647;
			files = (
				766417361FE3AB9A009763BF /* LaunchScreen.storyboard in Resources */,
				7664175A1FE3ABB7009763BF /* Assets.xcassets in Resources */,
			);
			runOnlyForDeploymentPostprocessing = 0;
		};
		7664173A1FE3AB9A009763BF /* Resources */ = {
			isa = PBXResourcesBuildPhase;
			buildActionMask = 2147483647;
			files = (
			);
			runOnlyForDeploymentPostprocessing = 0;
		};
		766417451FE3AB9B009763BF /* Resources */ = {
			isa = PBXResourcesBuildPhase;
			buildActionMask = 2147483647;
			files = (
			);
			runOnlyForDeploymentPostprocessing = 0;
		};
/* End PBXResourcesBuildPhase section */

/* Begin PBXShellScriptBuildPhase section */
		239D3E8C0817CBAF18ED4515 /* [CP] Copy Pods Resources */ = {
			isa = PBXShellScriptBuildPhase;
			buildActionMask = 2147483647;
			files = (
			);
			inputPaths = (
			);
			name = "[CP] Copy Pods Resources";
			outputPaths = (
			);
			runOnlyForDeploymentPostprocessing = 0;
			shellPath = /bin/sh;
			shellScript = "\"${SRCROOT}/Pods/Target Support Files/Pods-YouYaoQiTests/Pods-YouYaoQiTests-resources.sh\"\n";
			showEnvVarsInLog = 0;
		};
		5BCD72D536E5A70E188418C6 /* [CP] Copy Pods Resources */ = {
			isa = PBXShellScriptBuildPhase;
			buildActionMask = 2147483647;
			files = (
			);
			inputPaths = (
			);
			name = "[CP] Copy Pods Resources";
			outputPaths = (
			);
			runOnlyForDeploymentPostprocessing = 0;
			shellPath = /bin/sh;
			shellScript = "\"${SRCROOT}/Pods/Target Support Files/Pods-YouYaoQiUITests/Pods-YouYaoQiUITests-resources.sh\"\n";
			showEnvVarsInLog = 0;
		};
		77F3769C76D9D8D618DF54E1 /* [CP] Check Pods Manifest.lock */ = {
			isa = PBXShellScriptBuildPhase;
			buildActionMask = 2147483647;
			files = (
			);
			inputPaths = (
				"${PODS_PODFILE_DIR_PATH}/Podfile.lock",
				"${PODS_ROOT}/Manifest.lock",
			);
			name = "[CP] Check Pods Manifest.lock";
			outputPaths = (
				"$(DERIVED_FILE_DIR)/Pods-YouYaoQiTests-checkManifestLockResult.txt",
			);
			runOnlyForDeploymentPostprocessing = 0;
			shellPath = /bin/sh;
			shellScript = "diff \"${PODS_PODFILE_DIR_PATH}/Podfile.lock\" \"${PODS_ROOT}/Manifest.lock\" > /dev/null\nif [ $? != 0 ] ; then\n    # print error to STDERR\n    echo \"error: The sandbox is not in sync with the Podfile.lock. Run 'pod install' or update your CocoaPods installation.\" >&2\n    exit 1\nfi\n# This output is used by Xcode 'outputs' to avoid re-running this script phase.\necho \"SUCCESS\" > \"${SCRIPT_OUTPUT_FILE_0}\"\n";
			showEnvVarsInLog = 0;
		};
		8D2F1B00975E76F1AB01D2EF /* [CP] Check Pods Manifest.lock */ = {
			isa = PBXShellScriptBuildPhase;
			buildActionMask = 2147483647;
			files = (
			);
			inputPaths = (
				"${PODS_PODFILE_DIR_PATH}/Podfile.lock",
				"${PODS_ROOT}/Manifest.lock",
			);
			name = "[CP] Check Pods Manifest.lock";
			outputPaths = (
				"$(DERIVED_FILE_DIR)/Pods-YouYaoQiUITests-checkManifestLockResult.txt",
			);
			runOnlyForDeploymentPostprocessing = 0;
			shellPath = /bin/sh;
			shellScript = "diff \"${PODS_PODFILE_DIR_PATH}/Podfile.lock\" \"${PODS_ROOT}/Manifest.lock\" > /dev/null\nif [ $? != 0 ] ; then\n    # print error to STDERR\n    echo \"error: The sandbox is not in sync with the Podfile.lock. Run 'pod install' or update your CocoaPods installation.\" >&2\n    exit 1\nfi\n# This output is used by Xcode 'outputs' to avoid re-running this script phase.\necho \"SUCCESS\" > \"${SCRIPT_OUTPUT_FILE_0}\"\n";
			showEnvVarsInLog = 0;
		};
		A83D2A72D02380C0FC1A01BB /* [CP] Embed Pods Frameworks */ = {
			isa = PBXShellScriptBuildPhase;
			buildActionMask = 2147483647;
			files = (
			);
			inputPaths = (
			);
			name = "[CP] Embed Pods Frameworks";
			outputPaths = (
			);
			runOnlyForDeploymentPostprocessing = 0;
			shellPath = /bin/sh;
			shellScript = "\"${SRCROOT}/Pods/Target Support Files/Pods-YouYaoQiTests/Pods-YouYaoQiTests-frameworks.sh\"\n";
			showEnvVarsInLog = 0;
		};
		AA767C3144E7E2609E3EC72C /* [CP] Copy Pods Resources */ = {
			isa = PBXShellScriptBuildPhase;
			buildActionMask = 2147483647;
			files = (
			);
			inputPaths = (
			);
			name = "[CP] Copy Pods Resources";
			outputPaths = (
			);
			runOnlyForDeploymentPostprocessing = 0;
			shellPath = /bin/sh;
			shellScript = "\"${SRCROOT}/Pods/Target Support Files/Pods-YouYaoQi/Pods-YouYaoQi-resources.sh\"\n";
			showEnvVarsInLog = 0;
		};
		C9BAE1955965915C107C506D /* [CP] Embed Pods Frameworks */ = {
			isa = PBXShellScriptBuildPhase;
			buildActionMask = 2147483647;
			files = (
			);
			inputPaths = (
			);
			name = "[CP] Embed Pods Frameworks";
			outputPaths = (
			);
			runOnlyForDeploymentPostprocessing = 0;
			shellPath = /bin/sh;
			shellScript = "\"${SRCROOT}/Pods/Target Support Files/Pods-YouYaoQiUITests/Pods-YouYaoQiUITests-frameworks.sh\"\n";
			showEnvVarsInLog = 0;
		};
		E2BA6C20246DF56FF6932B66 /* [CP] Check Pods Manifest.lock */ = {
			isa = PBXShellScriptBuildPhase;
			buildActionMask = 2147483647;
			files = (
			);
			inputPaths = (
				"${PODS_PODFILE_DIR_PATH}/Podfile.lock",
				"${PODS_ROOT}/Manifest.lock",
			);
			name = "[CP] Check Pods Manifest.lock";
			outputPaths = (
				"$(DERIVED_FILE_DIR)/Pods-YouYaoQi-checkManifestLockResult.txt",
			);
			runOnlyForDeploymentPostprocessing = 0;
			shellPath = /bin/sh;
			shellScript = "diff \"${PODS_PODFILE_DIR_PATH}/Podfile.lock\" \"${PODS_ROOT}/Manifest.lock\" > /dev/null\nif [ $? != 0 ] ; then\n    # print error to STDERR\n    echo \"error: The sandbox is not in sync with the Podfile.lock. Run 'pod install' or update your CocoaPods installation.\" >&2\n    exit 1\nfi\n# This output is used by Xcode 'outputs' to avoid re-running this script phase.\necho \"SUCCESS\" > \"${SCRIPT_OUTPUT_FILE_0}\"\n";
			showEnvVarsInLog = 0;
		};
		E3A45502510E374853F3867B /* [CP] Embed Pods Frameworks */ = {
			isa = PBXShellScriptBuildPhase;
			buildActionMask = 2147483647;
			files = (
			);
			inputPaths = (
				"${SRCROOT}/Pods/Target Support Files/Pods-YouYaoQi/Pods-YouYaoQi-frameworks.sh",
				"${BUILT_PRODUCTS_DIR}/Alamofire/Alamofire.framework",
				"${BUILT_PRODUCTS_DIR}/EmptyDataSet-Swift/EmptyDataSet_Swift.framework",
				"${BUILT_PRODUCTS_DIR}/HMSegmentedControl/HMSegmentedControl.framework",
				"${BUILT_PRODUCTS_DIR}/HandyJSON/HandyJSON.framework",
				"${BUILT_PRODUCTS_DIR}/IQKeyboardManagerSwift/IQKeyboardManagerSwift.framework",
				"${BUILT_PRODUCTS_DIR}/Kingfisher/Kingfisher.framework",
				"${BUILT_PRODUCTS_DIR}/LLCycleScrollView/LLCycleScrollView.framework",
				"${BUILT_PRODUCTS_DIR}/MBProgressHUD/MBProgressHUD.framework",
				"${BUILT_PRODUCTS_DIR}/MJRefresh/MJRefresh.framework",
				"${BUILT_PRODUCTS_DIR}/Moya/Moya.framework",
				"${BUILT_PRODUCTS_DIR}/Result/Result.framework",
				"${BUILT_PRODUCTS_DIR}/Reusable/Reusable.framework",
				"${BUILT_PRODUCTS_DIR}/SnapKit/SnapKit.framework",
				"${BUILT_PRODUCTS_DIR}/Then/Then.framework",
			);
			name = "[CP] Embed Pods Frameworks";
			outputPaths = (
				"${TARGET_BUILD_DIR}/${FRAMEWORKS_FOLDER_PATH}/Alamofire.framework",
				"${TARGET_BUILD_DIR}/${FRAMEWORKS_FOLDER_PATH}/EmptyDataSet_Swift.framework",
				"${TARGET_BUILD_DIR}/${FRAMEWORKS_FOLDER_PATH}/HMSegmentedControl.framework",
				"${TARGET_BUILD_DIR}/${FRAMEWORKS_FOLDER_PATH}/HandyJSON.framework",
				"${TARGET_BUILD_DIR}/${FRAMEWORKS_FOLDER_PATH}/IQKeyboardManagerSwift.framework",
				"${TARGET_BUILD_DIR}/${FRAMEWORKS_FOLDER_PATH}/Kingfisher.framework",
				"${TARGET_BUILD_DIR}/${FRAMEWORKS_FOLDER_PATH}/LLCycleScrollView.framework",
				"${TARGET_BUILD_DIR}/${FRAMEWORKS_FOLDER_PATH}/MBProgressHUD.framework",
				"${TARGET_BUILD_DIR}/${FRAMEWORKS_FOLDER_PATH}/MJRefresh.framework",
				"${TARGET_BUILD_DIR}/${FRAMEWORKS_FOLDER_PATH}/Moya.framework",
				"${TARGET_BUILD_DIR}/${FRAMEWORKS_FOLDER_PATH}/Result.framework",
				"${TARGET_BUILD_DIR}/${FRAMEWORKS_FOLDER_PATH}/Reusable.framework",
				"${TARGET_BUILD_DIR}/${FRAMEWORKS_FOLDER_PATH}/SnapKit.framework",
				"${TARGET_BUILD_DIR}/${FRAMEWORKS_FOLDER_PATH}/Then.framework",
			);
			runOnlyForDeploymentPostprocessing = 0;
			shellPath = /bin/sh;
			shellScript = "\"${SRCROOT}/Pods/Target Support Files/Pods-YouYaoQi/Pods-YouYaoQi-frameworks.sh\"\n";
			showEnvVarsInLog = 0;
		};
/* End PBXShellScriptBuildPhase section */

/* Begin PBXSourcesBuildPhase section */
		766417241FE3AB9A009763BF /* Sources */ = {
			isa = PBXSourcesBuildPhase;
			buildActionMask = 2147483647;
			files = (
				766417611FE3B2C9009763BF /* UAPI.swift in Sources */,
				76C759E71FE74A3C00B5C986 /* ArrayExtensions.swift in Sources */,
				76C759F31FE792F700B5C986 /* DispatchQueueExtension.swift in Sources */,
				766417631FE3B424009763BF /* UModel.swift in Sources */,
				76C759F71FE7943100B5C986 /* DictionaryExtension.swift in Sources */,
				76C759EF1FE78BE500B5C986 /* UIDeviceExtension.swift in Sources */,
				7664172E1FE3AB9A009763BF /* ViewController.swift in Sources */,
				76C759ED1FE7897300B5C986 /* UIBarButtonItemExtenison.swift in Sources */,
				76C759EB1FE7622000B5C986 /* UIViewExtension.swift in Sources */,
				76C759F51FE7938400B5C986 /* StringExtension.swift in Sources */,
				76C759F11FE78D6D00B5C986 /* UIImageExtensions.swift in Sources */,
				76C75A011FE7B58700B5C986 /* UNoticeBar.swift in Sources */,
				7664172C1FE3AB9A009763BF /* AppDelegate.swift in Sources */,
				76C759E91FE75B5700B5C986 /* UIColorExtension.swift in Sources */,
			);
			runOnlyForDeploymentPostprocessing = 0;
		};
		766417381FE3AB9A009763BF /* Sources */ = {
			isa = PBXSourcesBuildPhase;
			buildActionMask = 2147483647;
			files = (
				766417411FE3AB9A009763BF /* YouYaoQiTests.swift in Sources */,
			);
			runOnlyForDeploymentPostprocessing = 0;
		};
		766417431FE3AB9B009763BF /* Sources */ = {
			isa = PBXSourcesBuildPhase;
			buildActionMask = 2147483647;
			files = (
				7664174C1FE3AB9B009763BF /* YouYaoQiUITests.swift in Sources */,
			);
			runOnlyForDeploymentPostprocessing = 0;
		};
/* End PBXSourcesBuildPhase section */

/* Begin PBXTargetDependency section */
		7664173E1FE3AB9A009763BF /* PBXTargetDependency */ = {
			isa = PBXTargetDependency;
			target = 766417271FE3AB9A009763BF /* YouYaoQi */;
			targetProxy = 7664173D1FE3AB9A009763BF /* PBXContainerItemProxy */;
		};
		766417491FE3AB9B009763BF /* PBXTargetDependency */ = {
			isa = PBXTargetDependency;
			target = 766417271FE3AB9A009763BF /* YouYaoQi */;
			targetProxy = 766417481FE3AB9B009763BF /* PBXContainerItemProxy */;
		};
/* End PBXTargetDependency section */

/* Begin PBXVariantGroup section */
		766417341FE3AB9A009763BF /* LaunchScreen.storyboard */ = {
			isa = PBXVariantGroup;
			children = (
				766417351FE3AB9A009763BF /* Base */,
			);
			name = LaunchScreen.storyboard;
			sourceTree = "<group>";
		};
/* End PBXVariantGroup section */

/* Begin XCBuildConfiguration section */
		7664174E1FE3AB9B009763BF /* Debug */ = {
			isa = XCBuildConfiguration;
			buildSettings = {
				ALWAYS_SEARCH_USER_PATHS = NO;
				CLANG_ANALYZER_NONNULL = YES;
				CLANG_ANALYZER_NUMBER_OBJECT_CONVERSION = YES_AGGRESSIVE;
				CLANG_CXX_LANGUAGE_STANDARD = "gnu++14";
				CLANG_CXX_LIBRARY = "libc++";
				CLANG_ENABLE_MODULES = YES;
				CLANG_ENABLE_OBJC_ARC = YES;
				CLANG_WARN_BLOCK_CAPTURE_AUTORELEASING = YES;
				CLANG_WARN_BOOL_CONVERSION = YES;
				CLANG_WARN_COMMA = YES;
				CLANG_WARN_CONSTANT_CONVERSION = YES;
				CLANG_WARN_DIRECT_OBJC_ISA_USAGE = YES_ERROR;
				CLANG_WARN_DOCUMENTATION_COMMENTS = YES;
				CLANG_WARN_EMPTY_BODY = YES;
				CLANG_WARN_ENUM_CONVERSION = YES;
				CLANG_WARN_INFINITE_RECURSION = YES;
				CLANG_WARN_INT_CONVERSION = YES;
				CLANG_WARN_NON_LITERAL_NULL_CONVERSION = YES;
				CLANG_WARN_OBJC_LITERAL_CONVERSION = YES;
				CLANG_WARN_OBJC_ROOT_CLASS = YES_ERROR;
				CLANG_WARN_RANGE_LOOP_ANALYSIS = YES;
				CLANG_WARN_STRICT_PROTOTYPES = YES;
				CLANG_WARN_SUSPICIOUS_MOVE = YES;
				CLANG_WARN_UNGUARDED_AVAILABILITY = YES_AGGRESSIVE;
				CLANG_WARN_UNREACHABLE_CODE = YES;
				CLANG_WARN__DUPLICATE_METHOD_MATCH = YES;
				CODE_SIGN_IDENTITY = "iPhone Developer";
				COPY_PHASE_STRIP = NO;
				DEBUG_INFORMATION_FORMAT = dwarf;
				ENABLE_STRICT_OBJC_MSGSEND = YES;
				ENABLE_TESTABILITY = YES;
				GCC_C_LANGUAGE_STANDARD = gnu11;
				GCC_DYNAMIC_NO_PIC = NO;
				GCC_NO_COMMON_BLOCKS = YES;
				GCC_OPTIMIZATION_LEVEL = 0;
				GCC_PREPROCESSOR_DEFINITIONS = (
					"DEBUG=1",
					"$(inherited)",
				);
				GCC_WARN_64_TO_32_BIT_CONVERSION = YES;
				GCC_WARN_ABOUT_RETURN_TYPE = YES_ERROR;
				GCC_WARN_UNDECLARED_SELECTOR = YES;
				GCC_WARN_UNINITIALIZED_AUTOS = YES_AGGRESSIVE;
				GCC_WARN_UNUSED_FUNCTION = YES;
				GCC_WARN_UNUSED_VARIABLE = YES;
				IPHONEOS_DEPLOYMENT_TARGET = 11.2;
				MTL_ENABLE_DEBUG_INFO = YES;
				ONLY_ACTIVE_ARCH = YES;
				SDKROOT = iphoneos;
				SWIFT_ACTIVE_COMPILATION_CONDITIONS = DEBUG;
				SWIFT_OPTIMIZATION_LEVEL = "-Onone";
			};
			name = Debug;
		};
		7664174F1FE3AB9B009763BF /* Release */ = {
			isa = XCBuildConfiguration;
			buildSettings = {
				ALWAYS_SEARCH_USER_PATHS = NO;
				CLANG_ANALYZER_NONNULL = YES;
				CLANG_ANALYZER_NUMBER_OBJECT_CONVERSION = YES_AGGRESSIVE;
				CLANG_CXX_LANGUAGE_STANDARD = "gnu++14";
				CLANG_CXX_LIBRARY = "libc++";
				CLANG_ENABLE_MODULES = YES;
				CLANG_ENABLE_OBJC_ARC = YES;
				CLANG_WARN_BLOCK_CAPTURE_AUTORELEASING = YES;
				CLANG_WARN_BOOL_CONVERSION = YES;
				CLANG_WARN_COMMA = YES;
				CLANG_WARN_CONSTANT_CONVERSION = YES;
				CLANG_WARN_DIRECT_OBJC_ISA_USAGE = YES_ERROR;
				CLANG_WARN_DOCUMENTATION_COMMENTS = YES;
				CLANG_WARN_EMPTY_BODY = YES;
				CLANG_WARN_ENUM_CONVERSION = YES;
				CLANG_WARN_INFINITE_RECURSION = YES;
				CLANG_WARN_INT_CONVERSION = YES;
				CLANG_WARN_NON_LITERAL_NULL_CONVERSION = YES;
				CLANG_WARN_OBJC_LITERAL_CONVERSION = YES;
				CLANG_WARN_OBJC_ROOT_CLASS = YES_ERROR;
				CLANG_WARN_RANGE_LOOP_ANALYSIS = YES;
				CLANG_WARN_STRICT_PROTOTYPES = YES;
				CLANG_WARN_SUSPICIOUS_MOVE = YES;
				CLANG_WARN_UNGUARDED_AVAILABILITY = YES_AGGRESSIVE;
				CLANG_WARN_UNREACHABLE_CODE = YES;
				CLANG_WARN__DUPLICATE_METHOD_MATCH = YES;
				CODE_SIGN_IDENTITY = "iPhone Developer";
				COPY_PHASE_STRIP = NO;
				DEBUG_INFORMATION_FORMAT = "dwarf-with-dsym";
				ENABLE_NS_ASSERTIONS = NO;
				ENABLE_STRICT_OBJC_MSGSEND = YES;
				GCC_C_LANGUAGE_STANDARD = gnu11;
				GCC_NO_COMMON_BLOCKS = YES;
				GCC_WARN_64_TO_32_BIT_CONVERSION = YES;
				GCC_WARN_ABOUT_RETURN_TYPE = YES_ERROR;
				GCC_WARN_UNDECLARED_SELECTOR = YES;
				GCC_WARN_UNINITIALIZED_AUTOS = YES_AGGRESSIVE;
				GCC_WARN_UNUSED_FUNCTION = YES;
				GCC_WARN_UNUSED_VARIABLE = YES;
				IPHONEOS_DEPLOYMENT_TARGET = 11.2;
				MTL_ENABLE_DEBUG_INFO = NO;
				SDKROOT = iphoneos;
				SWIFT_OPTIMIZATION_LEVEL = "-Owholemodule";
				VALIDATE_PRODUCT = YES;
			};
			name = Release;
		};
		766417511FE3AB9B009763BF /* Debug */ = {
			isa = XCBuildConfiguration;
			baseConfigurationReference = 33503AD5166940AA6B63A52D /* Pods-YouYaoQi.debug.xcconfig */;
			buildSettings = {
				ASSETCATALOG_COMPILER_APPICON_NAME = AppIcon;
				CODE_SIGN_STYLE = Automatic;
				INFOPLIST_FILE = YouYaoQi/Info.plist;
				IPHONEOS_DEPLOYMENT_TARGET = 9.0;
				LD_RUNPATH_SEARCH_PATHS = "$(inherited) @executable_path/Frameworks";
				PRODUCT_BUNDLE_IDENTIFIER = com.nanjingpinjia.YouYaoQi;
				PRODUCT_NAME = "$(TARGET_NAME)";
				SWIFT_VERSION = 4.0;
				TARGETED_DEVICE_FAMILY = 1;
			};
			name = Debug;
		};
		766417521FE3AB9B009763BF /* Release */ = {
			isa = XCBuildConfiguration;
			baseConfigurationReference = 8A0DE7B6FEB6E3F045EF71B4 /* Pods-YouYaoQi.release.xcconfig */;
			buildSettings = {
				ASSETCATALOG_COMPILER_APPICON_NAME = AppIcon;
				CODE_SIGN_STYLE = Automatic;
				INFOPLIST_FILE = YouYaoQi/Info.plist;
				IPHONEOS_DEPLOYMENT_TARGET = 9.0;
				LD_RUNPATH_SEARCH_PATHS = "$(inherited) @executable_path/Frameworks";
				PRODUCT_BUNDLE_IDENTIFIER = com.nanjingpinjia.YouYaoQi;
				PRODUCT_NAME = "$(TARGET_NAME)";
				SWIFT_VERSION = 4.0;
				TARGETED_DEVICE_FAMILY = 1;
			};
			name = Release;
		};
		766417541FE3AB9B009763BF /* Debug */ = {
			isa = XCBuildConfiguration;
			baseConfigurationReference = 74BCFD2C3FE4BAF13C2B06B0 /* Pods-YouYaoQiTests.debug.xcconfig */;
			buildSettings = {
				ALWAYS_EMBED_SWIFT_STANDARD_LIBRARIES = YES;
				BUNDLE_LOADER = "$(TEST_HOST)";
				CODE_SIGN_STYLE = Automatic;
				INFOPLIST_FILE = YouYaoQiTests/Info.plist;
				LD_RUNPATH_SEARCH_PATHS = "$(inherited) @executable_path/Frameworks @loader_path/Frameworks";
				PRODUCT_BUNDLE_IDENTIFIER = com.nanjingpinjia.YouYaoQiTests;
				PRODUCT_NAME = "$(TARGET_NAME)";
				SWIFT_VERSION = 4.0;
				TARGETED_DEVICE_FAMILY = "1,2";
				TEST_HOST = "$(BUILT_PRODUCTS_DIR)/YouYaoQi.app/YouYaoQi";
			};
			name = Debug;
		};
		766417551FE3AB9B009763BF /* Release */ = {
			isa = XCBuildConfiguration;
			baseConfigurationReference = E5F565E38D2C6270E16DE5BF /* Pods-YouYaoQiTests.release.xcconfig */;
			buildSettings = {
				ALWAYS_EMBED_SWIFT_STANDARD_LIBRARIES = YES;
				BUNDLE_LOADER = "$(TEST_HOST)";
				CODE_SIGN_STYLE = Automatic;
				INFOPLIST_FILE = YouYaoQiTests/Info.plist;
				LD_RUNPATH_SEARCH_PATHS = "$(inherited) @executable_path/Frameworks @loader_path/Frameworks";
				PRODUCT_BUNDLE_IDENTIFIER = com.nanjingpinjia.YouYaoQiTests;
				PRODUCT_NAME = "$(TARGET_NAME)";
				SWIFT_VERSION = 4.0;
				TARGETED_DEVICE_FAMILY = "1,2";
				TEST_HOST = "$(BUILT_PRODUCTS_DIR)/YouYaoQi.app/YouYaoQi";
			};
			name = Release;
		};
		766417571FE3AB9B009763BF /* Debug */ = {
			isa = XCBuildConfiguration;
			baseConfigurationReference = 29DBB16EFA908F0F06C91C7A /* Pods-YouYaoQiUITests.debug.xcconfig */;
			buildSettings = {
				ALWAYS_EMBED_SWIFT_STANDARD_LIBRARIES = YES;
				CODE_SIGN_STYLE = Automatic;
				INFOPLIST_FILE = YouYaoQiUITests/Info.plist;
				LD_RUNPATH_SEARCH_PATHS = "$(inherited) @executable_path/Frameworks @loader_path/Frameworks";
				PRODUCT_BUNDLE_IDENTIFIER = com.nanjingpinjia.YouYaoQiUITests;
				PRODUCT_NAME = "$(TARGET_NAME)";
				SWIFT_VERSION = 4.0;
				TARGETED_DEVICE_FAMILY = "1,2";
				TEST_TARGET_NAME = YouYaoQi;
			};
			name = Debug;
		};
		766417581FE3AB9B009763BF /* Release */ = {
			isa = XCBuildConfiguration;
			baseConfigurationReference = 11D5D680979520BF78E8A81E /* Pods-YouYaoQiUITests.release.xcconfig */;
			buildSettings = {
				ALWAYS_EMBED_SWIFT_STANDARD_LIBRARIES = YES;
				CODE_SIGN_STYLE = Automatic;
				INFOPLIST_FILE = YouYaoQiUITests/Info.plist;
				LD_RUNPATH_SEARCH_PATHS = "$(inherited) @executable_path/Frameworks @loader_path/Frameworks";
				PRODUCT_BUNDLE_IDENTIFIER = com.nanjingpinjia.YouYaoQiUITests;
				PRODUCT_NAME = "$(TARGET_NAME)";
				SWIFT_VERSION = 4.0;
				TARGETED_DEVICE_FAMILY = "1,2";
				TEST_TARGET_NAME = YouYaoQi;
			};
			name = Release;
		};
/* End XCBuildConfiguration section */

/* Begin XCConfigurationList section */
		766417231FE3AB9A009763BF /* Build configuration list for PBXProject "YouYaoQi" */ = {
			isa = XCConfigurationList;
			buildConfigurations = (
				7664174E1FE3AB9B009763BF /* Debug */,
				7664174F1FE3AB9B009763BF /* Release */,
			);
			defaultConfigurationIsVisible = 0;
			defaultConfigurationName = Release;
		};
		766417501FE3AB9B009763BF /* Build configuration list for PBXNativeTarget "YouYaoQi" */ = {
			isa = XCConfigurationList;
			buildConfigurations = (
				766417511FE3AB9B009763BF /* Debug */,
				766417521FE3AB9B009763BF /* Release */,
			);
			defaultConfigurationIsVisible = 0;
			defaultConfigurationName = Release;
		};
		766417531FE3AB9B009763BF /* Build configuration list for PBXNativeTarget "YouYaoQiTests" */ = {
			isa = XCConfigurationList;
			buildConfigurations = (
				766417541FE3AB9B009763BF /* Debug */,
				766417551FE3AB9B009763BF /* Release */,
			);
			defaultConfigurationIsVisible = 0;
			defaultConfigurationName = Release;
		};
		766417561FE3AB9B009763BF /* Build configuration list for PBXNativeTarget "YouYaoQiUITests" */ = {
			isa = XCConfigurationList;
			buildConfigurations = (
				766417571FE3AB9B009763BF /* Debug */,
				766417581FE3AB9B009763BF /* Release */,
			);
			defaultConfigurationIsVisible = 0;
			defaultConfigurationName = Release;
		};
/* End XCConfigurationList section */
	};
	rootObject = 766417201FE3AB9A009763BF /* Project object */;
}
