// !$*UTF8*$!
{
	archiveVersion = 1;
	classes = {
	};
	objectVersion = 48;
	objects = {

/* Begin PBXBuildFile section */
		23D0B644B4C6EACDA3693733 /* Pods_YouYaoQi.framework in Frameworks */ = {isa = PBXBuildFile; fileRef = 82B4115151F208E28CEC2EDC /* Pods_YouYaoQi.framework */; };
		410CB3D229FA0918F3A6D4BC /* Pods_YouYaoQiTests.framework in Frameworks */ = {isa = PBXBuildFile; fileRef = 54C611E07E01155AFAECA1A0 /* Pods_YouYaoQiTests.framework */; };
		7611BBB11FE9E86D00EC765A /* URankCCell.swift in Sources */ = {isa = PBXBuildFile; fileRef = 7611BBB01FE9E86D00EC765A /* URankCCell.swift */; };
		7611BBB31FE9E88200EC765A /* UTopCCell.swift in Sources */ = {isa = PBXBuildFile; fileRef = 7611BBB21FE9E88200EC765A /* UTopCCell.swift */; };
		7611BBB51FE9EBC600EC765A /* UCateListViewController.swift in Sources */ = {isa = PBXBuildFile; fileRef = 7611BBB41FE9EBC600EC765A /* UCateListViewController.swift */; };
		7611BBB91FE9EDDD00EC765A /* UOtherWorksCCell.swift in Sources */ = {isa = PBXBuildFile; fileRef = 7611BBB81FE9EDDD00EC765A /* UOtherWorksCCell.swift */; };
		7611BBBB1FE9EE1300EC765A /* UChapterCHead.swift in Sources */ = {isa = PBXBuildFile; fileRef = 7611BBBA1FE9EE1300EC765A /* UChapterCHead.swift */; };
		7611BBBD1FE9EE4000EC765A /* UComicHead.swift in Sources */ = {isa = PBXBuildFile; fileRef = 7611BBBC1FE9EE4000EC765A /* UComicHead.swift */; };
		7611BBBF1FE9EE6E00EC765A /* UTicketTCell.swift in Sources */ = {isa = PBXBuildFile; fileRef = 7611BBBE1FE9EE6E00EC765A /* UTicketTCell.swift */; };
		7611BBC11FE9EE9300EC765A /* UReadCCell.swift in Sources */ = {isa = PBXBuildFile; fileRef = 7611BBC01FE9EE9300EC765A /* UReadCCell.swift */; };
		7611BBC31FE9EEAA00EC765A /* UChapterCCell.swift in Sources */ = {isa = PBXBuildFile; fileRef = 7611BBC21FE9EEAA00EC765A /* UChapterCCell.swift */; };
		7611BBC51FE9EECF00EC765A /* UCommentTCell.swift in Sources */ = {isa = PBXBuildFile; fileRef = 7611BBC41FE9EECF00EC765A /* UCommentTCell.swift */; };
		7611BBC71FE9EEED00EC765A /* UReadTopBar.swift in Sources */ = {isa = PBXBuildFile; fileRef = 7611BBC61FE9EEED00EC765A /* UReadTopBar.swift */; };
		7611BBC91FE9EF1100EC765A /* UOtherWorksTCell.swift in Sources */ = {isa = PBXBuildFile; fileRef = 7611BBC81FE9EF1100EC765A /* UOtherWorksTCell.swift */; };
		7611BBCB1FE9EF2B00EC765A /* UDescriptionTCell.swift in Sources */ = {isa = PBXBuildFile; fileRef = 7611BBCA1FE9EF2B00EC765A /* UDescriptionTCell.swift */; };
		7611BBCD1FE9EF4200EC765A /* UComicTCell.swift in Sources */ = {isa = PBXBuildFile; fileRef = 7611BBCC1FE9EF4200EC765A /* UComicTCell.swift */; };
		7611BBCF1FE9EF5E00EC765A /* UReadBottomBar.swift in Sources */ = {isa = PBXBuildFile; fileRef = 7611BBCE1FE9EF5E00EC765A /* UReadBottomBar.swift */; };
		7611BBD11FE9EF8D00EC765A /* UGuessLikeTCell.swift in Sources */ = {isa = PBXBuildFile; fileRef = 7611BBD01FE9EF8D00EC765A /* UGuessLikeTCell.swift */; };
		7611BBD31FE9F9E000EC765A /* UComicViewController.swift in Sources */ = {isa = PBXBuildFile; fileRef = 7611BBD21FE9F9E000EC765A /* UComicViewController.swift */; };
		7611BBD51FE9FA0200EC765A /* UDetailViewController.swift in Sources */ = {isa = PBXBuildFile; fileRef = 7611BBD41FE9FA0200EC765A /* UDetailViewController.swift */; };
		7611BBD71FE9FA1D00EC765A /* UOtherWorksViewController.swift in Sources */ = {isa = PBXBuildFile; fileRef = 7611BBD61FE9FA1D00EC765A /* UOtherWorksViewController.swift */; };
		7611BBD91FE9FA2E00EC765A /* UChapterViewController.swift in Sources */ = {isa = PBXBuildFile; fileRef = 7611BBD81FE9FA2E00EC765A /* UChapterViewController.swift */; };
		7611BBDB1FE9FA3F00EC765A /* UComicListViewController.swift in Sources */ = {isa = PBXBuildFile; fileRef = 7611BBDA1FE9FA3F00EC765A /* UComicListViewController.swift */; };
		7611BBDD1FE9FA4D00EC765A /* UReadViewController.swift in Sources */ = {isa = PBXBuildFile; fileRef = 7611BBDC1FE9FA4D00EC765A /* UReadViewController.swift */; };
		7611BBDF1FE9FA5C00EC765A /* UCommentViewController.swift in Sources */ = {isa = PBXBuildFile; fileRef = 7611BBDE1FE9FA5C00EC765A /* UCommentViewController.swift */; };
		7611BBE31FEA0D3100EC765A /* UComicCHead.swift in Sources */ = {isa = PBXBuildFile; fileRef = 7611BBE21FEA0D3100EC765A /* UComicCHead.swift */; };
		7611BBE51FEA0D5600EC765A /* URankTCell.swift in Sources */ = {isa = PBXBuildFile; fileRef = 7611BBE41FEA0D5600EC765A /* URankTCell.swift */; };
		7611BBE71FEA0D8400EC765A /* UComicCFoot.swift in Sources */ = {isa = PBXBuildFile; fileRef = 7611BBE61FEA0D8400EC765A /* UComicCFoot.swift */; };
		7611BBE91FEA0DA700EC765A /* UComicCCell.swift in Sources */ = {isa = PBXBuildFile; fileRef = 7611BBE81FEA0DA700EC765A /* UComicCCell.swift */; };
		7611BBEB1FEA0DD000EC765A /* UUpdateTCell.swift in Sources */ = {isa = PBXBuildFile; fileRef = 7611BBEA1FEA0DD000EC765A /* UUpdateTCell.swift */; };
		7611BBED1FEA0DF800EC765A /* UBoardCCell.swift in Sources */ = {isa = PBXBuildFile; fileRef = 7611BBEC1FEA0DF800EC765A /* UBoardCCell.swift */; };
		7611BBEF1FEA0E1D00EC765A /* USpecialTCell.swift in Sources */ = {isa = PBXBuildFile; fileRef = 7611BBEE1FEA0E1D00EC765A /* USpecialTCell.swift */; };
		7611BBF11FEA2B7B00EC765A /* USubscibeListViewController.swift in Sources */ = {isa = PBXBuildFile; fileRef = 7611BBF01FEA2B7B00EC765A /* USubscibeListViewController.swift */; };
		7611BBF31FEA2BA000EC765A /* UVIPListViewController.swift in Sources */ = {isa = PBXBuildFile; fileRef = 7611BBF21FEA2BA000EC765A /* UVIPListViewController.swift */; };
		7611BBF51FEA2BC900EC765A /* UUpdateListViewController.swift in Sources */ = {isa = PBXBuildFile; fileRef = 7611BBF41FEA2BC900EC765A /* UUpdateListViewController.swift */; };
		7611BBF71FEA2BD900EC765A /* UHomeViewController.swift in Sources */ = {isa = PBXBuildFile; fileRef = 7611BBF61FEA2BD900EC765A /* UHomeViewController.swift */; };
		7611BBF91FEA2BE900EC765A /* USpecialViewController.swift in Sources */ = {isa = PBXBuildFile; fileRef = 7611BBF81FEA2BE900EC765A /* USpecialViewController.swift */; };
		7611BBFB1FEA2BFF00EC765A /* UBoutiqueListViewController.swift in Sources */ = {isa = PBXBuildFile; fileRef = 7611BBFA1FEA2BFF00EC765A /* UBoutiqueListViewController.swift */; };
		7611BBFD1FEA2C1000EC765A /* URankListViewController.swift in Sources */ = {isa = PBXBuildFile; fileRef = 7611BBFC1FEA2C1000EC765A /* URankListViewController.swift */; };
		7611BC011FEA2F2900EC765A /* UMineHead.swift in Sources */ = {isa = PBXBuildFile; fileRef = 7611BC001FEA2F2900EC765A /* UMineHead.swift */; };
		7611BC031FEA30FC00EC765A /* USettingViewController.swift in Sources */ = {isa = PBXBuildFile; fileRef = 7611BC021FEA30FC00EC765A /* USettingViewController.swift */; };
		7611BC051FEA314C00EC765A /* UMineViewController.swift in Sources */ = {isa = PBXBuildFile; fileRef = 7611BC041FEA314C00EC765A /* UMineViewController.swift */; };
		7611BC091FEA35A300EC765A /* USearchTHead.swift in Sources */ = {isa = PBXBuildFile; fileRef = 7611BC081FEA35A300EC765A /* USearchTHead.swift */; };
		7611BC0B1FEA35C100EC765A /* USearchTFoot.swift in Sources */ = {isa = PBXBuildFile; fileRef = 7611BC0A1FEA35C100EC765A /* USearchTFoot.swift */; };
		7611BC0D1FEA36EF00EC765A /* USearchViewController.swift in Sources */ = {isa = PBXBuildFile; fileRef = 7611BC0C1FEA36EF00EC765A /* USearchViewController.swift */; };
		7611BC131FEA42BB00EC765A /* UBookViewController.swift in Sources */ = {isa = PBXBuildFile; fileRef = 7611BC0F1FEA42BB00EC765A /* UBookViewController.swift */; };
		7611BC141FEA42BB00EC765A /* UCollectListViewController.swift in Sources */ = {isa = PBXBuildFile; fileRef = 7611BC101FEA42BB00EC765A /* UCollectListViewController.swift */; };
		7611BC151FEA42BB00EC765A /* UDocumentListViewController.swift in Sources */ = {isa = PBXBuildFile; fileRef = 7611BC111FEA42BB00EC765A /* UDocumentListViewController.swift */; };
		7611BC161FEA42BB00EC765A /* UDownloadListViewController.swift in Sources */ = {isa = PBXBuildFile; fileRef = 7611BC121FEA42BB00EC765A /* UDownloadListViewController.swift */; };
		7664172C1FE3AB9A009763BF /* AppDelegate.swift in Sources */ = {isa = PBXBuildFile; fileRef = 7664172B1FE3AB9A009763BF /* AppDelegate.swift */; };
		766417361FE3AB9A009763BF /* LaunchScreen.storyboard in Resources */ = {isa = PBXBuildFile; fileRef = 766417341FE3AB9A009763BF /* LaunchScreen.storyboard */; };
		766417411FE3AB9A009763BF /* YouYaoQiTests.swift in Sources */ = {isa = PBXBuildFile; fileRef = 766417401FE3AB9A009763BF /* YouYaoQiTests.swift */; };
		7664174C1FE3AB9B009763BF /* YouYaoQiUITests.swift in Sources */ = {isa = PBXBuildFile; fileRef = 7664174B1FE3AB9B009763BF /* YouYaoQiUITests.swift */; };
		7664175A1FE3ABB7009763BF /* Assets.xcassets in Resources */ = {isa = PBXBuildFile; fileRef = 766417591FE3ABB7009763BF /* Assets.xcassets */; };
		766417631FE3B424009763BF /* UModel.swift in Sources */ = {isa = PBXBuildFile; fileRef = 766417621FE3B424009763BF /* UModel.swift */; };
		76C759E71FE74A3C00B5C986 /* ArrayExtensions.swift in Sources */ = {isa = PBXBuildFile; fileRef = 76C759E61FE74A3C00B5C986 /* ArrayExtensions.swift */; };
		76C759E91FE75B5700B5C986 /* UIColorExtension.swift in Sources */ = {isa = PBXBuildFile; fileRef = 76C759E81FE75B5700B5C986 /* UIColorExtension.swift */; };
		76C759EB1FE7622000B5C986 /* UIViewExtension.swift in Sources */ = {isa = PBXBuildFile; fileRef = 76C759EA1FE7622000B5C986 /* UIViewExtension.swift */; };
		76C759ED1FE7897300B5C986 /* UIBarButtonItemExtenison.swift in Sources */ = {isa = PBXBuildFile; fileRef = 76C759EC1FE7897300B5C986 /* UIBarButtonItemExtenison.swift */; };
		76C759EF1FE78BE500B5C986 /* UIDeviceExtension.swift in Sources */ = {isa = PBXBuildFile; fileRef = 76C759EE1FE78BE500B5C986 /* UIDeviceExtension.swift */; };
		76C759F11FE78D6D00B5C986 /* UIImageExtensions.swift in Sources */ = {isa = PBXBuildFile; fileRef = 76C759F01FE78D6D00B5C986 /* UIImageExtensions.swift */; };
		76C759F31FE792F700B5C986 /* DispatchQueueExtension.swift in Sources */ = {isa = PBXBuildFile; fileRef = 76C759F21FE792F700B5C986 /* DispatchQueueExtension.swift */; };
		76C759F51FE7938400B5C986 /* StringExtension.swift in Sources */ = {isa = PBXBuildFile; fileRef = 76C759F41FE7938400B5C986 /* StringExtension.swift */; };
		76C759F71FE7943100B5C986 /* DictionaryExtension.swift in Sources */ = {isa = PBXBuildFile; fileRef = 76C759F61FE7943100B5C986 /* DictionaryExtension.swift */; };
		76C75A011FE7B58700B5C986 /* UNoticeBar.swift in Sources */ = {isa = PBXBuildFile; fileRef = 76C75A001FE7B58700B5C986 /* UNoticeBar.swift */; };
		76F09BDF1FE8D8D300AAF01B /* ParallaxHeader.swift in Sources */ = {isa = PBXBuildFile; fileRef = 76F09BDC1FE8D8D300AAF01B /* ParallaxHeader.swift */; };
		76F09BE01FE8D8D300AAF01B /* ParallaxHeaderMode.swift in Sources */ = {isa = PBXBuildFile; fileRef = 76F09BDD1FE8D8D300AAF01B /* ParallaxHeaderMode.swift */; };
		76F09BE11FE8D8D300AAF01B /* UIScrollView+ParallaxHeader.swift in Sources */ = {isa = PBXBuildFile; fileRef = 76F09BDE1FE8D8D300AAF01B /* UIScrollView+ParallaxHeader.swift */; };
		76F09BE41FE8D8FD00AAF01B /* ConstraintArray+Extensions.swift in Sources */ = {isa = PBXBuildFile; fileRef = 76F09BE21FE8D8FC00AAF01B /* ConstraintArray+Extensions.swift */; };
		76F09BE51FE8D8FD00AAF01B /* ConstraintArrayDSL.swift in Sources */ = {isa = PBXBuildFile; fileRef = 76F09BE31FE8D8FC00AAF01B /* ConstraintArrayDSL.swift */; };
		76F09BE71FE8D91600AAF01B /* UEmptyDataSet.swift in Sources */ = {isa = PBXBuildFile; fileRef = 76F09BE61FE8D91600AAF01B /* UEmptyDataSet.swift */; };
		76F09BE91FE8D94400AAF01B /* URefresh.swift in Sources */ = {isa = PBXBuildFile; fileRef = 76F09BE81FE8D94400AAF01B /* URefresh.swift */; };
		76F09BEC1FE8D95100AAF01B /* UCollectionViewAlignedLayout.swift in Sources */ = {isa = PBXBuildFile; fileRef = 76F09BEA1FE8D95100AAF01B /* UCollectionViewAlignedLayout.swift */; };
		76F09BED1FE8D95100AAF01B /* UCollectionViewSectionBackgroundLayout.swift in Sources */ = {isa = PBXBuildFile; fileRef = 76F09BEB1FE8D95100AAF01B /* UCollectionViewSectionBackgroundLayout.swift */; };
		76F09BEF1FE8D96700AAF01B /* UIBarButtonItemFixSpace.swift in Sources */ = {isa = PBXBuildFile; fileRef = 76F09BEE1FE8D96700AAF01B /* UIBarButtonItemFixSpace.swift */; };
		76F09BF11FE8D97E00AAF01B /* UHairPowder.swift in Sources */ = {isa = PBXBuildFile; fileRef = 76F09BF01FE8D97E00AAF01B /* UHairPowder.swift */; };
		76F09BF31FE8D9A400AAF01B /* UAPI.swift in Sources */ = {isa = PBXBuildFile; fileRef = 76F09BF21FE8D9A400AAF01B /* UAPI.swift */; };
		76F09BF51FE8D9E900AAF01B /* Global.swift in Sources */ = {isa = PBXBuildFile; fileRef = 76F09BF41FE8D9E900AAF01B /* Global.swift */; };
		76F09BFE1FE8DBC200AAF01B /* UBaseTableViewHeaderFooterView.swift in Sources */ = {isa = PBXBuildFile; fileRef = 76F09BFD1FE8DBC200AAF01B /* UBaseTableViewHeaderFooterView.swift */; };
		76F09C001FE8DBE100AAF01B /* UBaseCollectionViewCell.swift in Sources */ = {isa = PBXBuildFile; fileRef = 76F09BFF1FE8DBE100AAF01B /* UBaseCollectionViewCell.swift */; };
		76F09C021FE8DBF800AAF01B /* UBaseTableViewCell.swift in Sources */ = {isa = PBXBuildFile; fileRef = 76F09C011FE8DBF800AAF01B /* UBaseTableViewCell.swift */; };
		76F09C041FE8DC1300AAF01B /* UBaseCollectionReusableView.swift in Sources */ = {isa = PBXBuildFile; fileRef = 76F09C031FE8DC1300AAF01B /* UBaseCollectionReusableView.swift */; };
		76F09C081FE8DE8400AAF01B /* UBaseViewController.swift in Sources */ = {isa = PBXBuildFile; fileRef = 76F09C071FE8DE8400AAF01B /* UBaseViewController.swift */; };
		76F09C0A1FE8DEB000AAF01B /* UPageViewController.swift in Sources */ = {isa = PBXBuildFile; fileRef = 76F09C091FE8DEB000AAF01B /* UPageViewController.swift */; };
		76F09C0C1FE8DED200AAF01B /* UTabBarController.swift in Sources */ = {isa = PBXBuildFile; fileRef = 76F09C0B1FE8DED200AAF01B /* UTabBarController.swift */; };
		76F09C0E1FE8DF0B00AAF01B /* UNavigationController.swift in Sources */ = {isa = PBXBuildFile; fileRef = 76F09C0D1FE8DF0B00AAF01B /* UNavigationController.swift */; };
		76F09C101FE8DF2800AAF01B /* UWebViewController.swift in Sources */ = {isa = PBXBuildFile; fileRef = 76F09C0F1FE8DF2800AAF01B /* UWebViewController.swift */; };
		B84F36C51D3C0A6C284217CB /* Pods_YouYaoQiUITests.framework in Frameworks */ = {isa = PBXBuildFile; fileRef = EE06BA734719C060753CAEFF /* Pods_YouYaoQiUITests.framework */; };
/* End PBXBuildFile section */

/* Begin PBXContainerItemProxy section */
		7664173D1FE3AB9A009763BF /* PBXContainerItemProxy */ = {
			isa = PBXContainerItemProxy;
			containerPortal = 766417201FE3AB9A009763BF /* Project object */;
			proxyType = 1;
			remoteGlobalIDString = 766417271FE3AB9A009763BF;
			remoteInfo = YouYaoQi;
		};
		766417481FE3AB9B009763BF /* PBXContainerItemProxy */ = {
			isa = PBXContainerItemProxy;
			containerPortal = 766417201FE3AB9A009763BF /* Project object */;
			proxyType = 1;
			remoteGlobalIDString = 766417271FE3AB9A009763BF;
			remoteInfo = YouYaoQi;
		};
/* End PBXContainerItemProxy section */

/* Begin PBXFileReference section */
		11D5D680979520BF78E8A81E /* Pods-YouYaoQiUITests.release.xcconfig */ = {isa = PBXFileReference; includeInIndex = 1; lastKnownFileType = text.xcconfig; name = "Pods-YouYaoQiUITests.release.xcconfig"; path = "Pods/Target Support Files/Pods-YouYaoQiUITests/Pods-YouYaoQiUITests.release.xcconfig"; sourceTree = "<group>"; };
		29DBB16EFA908F0F06C91C7A /* Pods-YouYaoQiUITests.debug.xcconfig */ = {isa = PBXFileReference; includeInIndex = 1; lastKnownFileType = text.xcconfig; name = "Pods-YouYaoQiUITests.debug.xcconfig"; path = "Pods/Target Support Files/Pods-YouYaoQiUITests/Pods-YouYaoQiUITests.debug.xcconfig"; sourceTree = "<group>"; };
		33503AD5166940AA6B63A52D /* Pods-YouYaoQi.debug.xcconfig */ = {isa = PBXFileReference; includeInIndex = 1; lastKnownFileType = text.xcconfig; name = "Pods-YouYaoQi.debug.xcconfig"; path = "Pods/Target Support Files/Pods-YouYaoQi/Pods-YouYaoQi.debug.xcconfig"; sourceTree = "<group>"; };
		54C611E07E01155AFAECA1A0 /* Pods_YouYaoQiTests.framework */ = {isa = PBXFileReference; explicitFileType = wrapper.framework; includeInIndex = 0; path = Pods_YouYaoQiTests.framework; sourceTree = BUILT_PRODUCTS_DIR; };
		74BCFD2C3FE4BAF13C2B06B0 /* Pods-YouYaoQiTests.debug.xcconfig */ = {isa = PBXFileReference; includeInIndex = 1; lastKnownFileType = text.xcconfig; name = "Pods-YouYaoQiTests.debug.xcconfig"; path = "Pods/Target Support Files/Pods-YouYaoQiTests/Pods-YouYaoQiTests.debug.xcconfig"; sourceTree = "<group>"; };
		7611BBB01FE9E86D00EC765A /* URankCCell.swift */ = {isa = PBXFileReference; lastKnownFileType = sourcecode.swift; path = URankCCell.swift; sourceTree = "<group>"; };
		7611BBB21FE9E88200EC765A /* UTopCCell.swift */ = {isa = PBXFileReference; lastKnownFileType = sourcecode.swift; path = UTopCCell.swift; sourceTree = "<group>"; };
		7611BBB41FE9EBC600EC765A /* UCateListViewController.swift */ = {isa = PBXFileReference; lastKnownFileType = sourcecode.swift; path = UCateListViewController.swift; sourceTree = "<group>"; };
		7611BBB81FE9EDDD00EC765A /* UOtherWorksCCell.swift */ = {isa = PBXFileReference; lastKnownFileType = sourcecode.swift; path = UOtherWorksCCell.swift; sourceTree = "<group>"; };
		7611BBBA1FE9EE1300EC765A /* UChapterCHead.swift */ = {isa = PBXFileReference; lastKnownFileType = sourcecode.swift; path = UChapterCHead.swift; sourceTree = "<group>"; };
		7611BBBC1FE9EE4000EC765A /* UComicHead.swift */ = {isa = PBXFileReference; lastKnownFileType = sourcecode.swift; path = UComicHead.swift; sourceTree = "<group>"; };
		7611BBBE1FE9EE6E00EC765A /* UTicketTCell.swift */ = {isa = PBXFileReference; lastKnownFileType = sourcecode.swift; path = UTicketTCell.swift; sourceTree = "<group>"; };
		7611BBC01FE9EE9300EC765A /* UReadCCell.swift */ = {isa = PBXFileReference; lastKnownFileType = sourcecode.swift; path = UReadCCell.swift; sourceTree = "<group>"; };
		7611BBC21FE9EEAA00EC765A /* UChapterCCell.swift */ = {isa = PBXFileReference; lastKnownFileType = sourcecode.swift; path = UChapterCCell.swift; sourceTree = "<group>"; };
		7611BBC41FE9EECF00EC765A /* UCommentTCell.swift */ = {isa = PBXFileReference; lastKnownFileType = sourcecode.swift; path = UCommentTCell.swift; sourceTree = "<group>"; };
		7611BBC61FE9EEED00EC765A /* UReadTopBar.swift */ = {isa = PBXFileReference; lastKnownFileType = sourcecode.swift; path = UReadTopBar.swift; sourceTree = "<group>"; };
		7611BBC81FE9EF1100EC765A /* UOtherWorksTCell.swift */ = {isa = PBXFileReference; lastKnownFileType = sourcecode.swift; path = UOtherWorksTCell.swift; sourceTree = "<group>"; };
		7611BBCA1FE9EF2B00EC765A /* UDescriptionTCell.swift */ = {isa = PBXFileReference; lastKnownFileType = sourcecode.swift; path = UDescriptionTCell.swift; sourceTree = "<group>"; };
		7611BBCC1FE9EF4200EC765A /* UComicTCell.swift */ = {isa = PBXFileReference; lastKnownFileType = sourcecode.swift; path = UComicTCell.swift; sourceTree = "<group>"; };
		7611BBCE1FE9EF5E00EC765A /* UReadBottomBar.swift */ = {isa = PBXFileReference; lastKnownFileType = sourcecode.swift; path = UReadBottomBar.swift; sourceTree = "<group>"; };
		7611BBD01FE9EF8D00EC765A /* UGuessLikeTCell.swift */ = {isa = PBXFileReference; lastKnownFileType = sourcecode.swift; path = UGuessLikeTCell.swift; sourceTree = "<group>"; };
		7611BBD21FE9F9E000EC765A /* UComicViewController.swift */ = {isa = PBXFileReference; lastKnownFileType = sourcecode.swift; path = UComicViewController.swift; sourceTree = "<group>"; };
		7611BBD41FE9FA0200EC765A /* UDetailViewController.swift */ = {isa = PBXFileReference; lastKnownFileType = sourcecode.swift; path = UDetailViewController.swift; sourceTree = "<group>"; };
		7611BBD61FE9FA1D00EC765A /* UOtherWorksViewController.swift */ = {isa = PBXFileReference; lastKnownFileType = sourcecode.swift; path = UOtherWorksViewController.swift; sourceTree = "<group>"; };
		7611BBD81FE9FA2E00EC765A /* UChapterViewController.swift */ = {isa = PBXFileReference; lastKnownFileType = sourcecode.swift; path = UChapterViewController.swift; sourceTree = "<group>"; };
		7611BBDA1FE9FA3F00EC765A /* UComicListViewController.swift */ = {isa = PBXFileReference; lastKnownFileType = sourcecode.swift; path = UComicListViewController.swift; sourceTree = "<group>"; };
		7611BBDC1FE9FA4D00EC765A /* UReadViewController.swift */ = {isa = PBXFileReference; lastKnownFileType = sourcecode.swift; path = UReadViewController.swift; sourceTree = "<group>"; };
		7611BBDE1FE9FA5C00EC765A /* UCommentViewController.swift */ = {isa = PBXFileReference; lastKnownFileType = sourcecode.swift; path = UCommentViewController.swift; sourceTree = "<group>"; };
		7611BBE21FEA0D3100EC765A /* UComicCHead.swift */ = {isa = PBXFileReference; lastKnownFileType = sourcecode.swift; path = UComicCHead.swift; sourceTree = "<group>"; };
		7611BBE41FEA0D5600EC765A /* URankTCell.swift */ = {isa = PBXFileReference; lastKnownFileType = sourcecode.swift; path = URankTCell.swift; sourceTree = "<group>"; };
		7611BBE61FEA0D8400EC765A /* UComicCFoot.swift */ = {isa = PBXFileReference; lastKnownFileType = sourcecode.swift; path = UComicCFoot.swift; sourceTree = "<group>"; };
		7611BBE81FEA0DA700EC765A /* UComicCCell.swift */ = {isa = PBXFileReference; lastKnownFileType = sourcecode.swift; path = UComicCCell.swift; sourceTree = "<group>"; };
		7611BBEA1FEA0DD000EC765A /* UUpdateTCell.swift */ = {isa = PBXFileReference; lastKnownFileType = sourcecode.swift; path = UUpdateTCell.swift; sourceTree = "<group>"; };
		7611BBEC1FEA0DF800EC765A /* UBoardCCell.swift */ = {isa = PBXFileReference; lastKnownFileType = sourcecode.swift; path = UBoardCCell.swift; sourceTree = "<group>"; };
		7611BBEE1FEA0E1D00EC765A /* USpecialTCell.swift */ = {isa = PBXFileReference; lastKnownFileType = sourcecode.swift; path = USpecialTCell.swift; sourceTree = "<group>"; };
		7611BBF01FEA2B7B00EC765A /* USubscibeListViewController.swift */ = {isa = PBXFileReference; lastKnownFileType = sourcecode.swift; path = USubscibeListViewController.swift; sourceTree = "<group>"; };
		7611BBF21FEA2BA000EC765A /* UVIPListViewController.swift */ = {isa = PBXFileReference; lastKnownFileType = sourcecode.swift; path = UVIPListViewController.swift; sourceTree = "<group>"; };
		7611BBF41FEA2BC900EC765A /* UUpdateListViewController.swift */ = {isa = PBXFileReference; lastKnownFileType = sourcecode.swift; path = UUpdateListViewController.swift; sourceTree = "<group>"; };
		7611BBF61FEA2BD900EC765A /* UHomeViewController.swift */ = {isa = PBXFileReference; lastKnownFileType = sourcecode.swift; path = UHomeViewController.swift; sourceTree = "<group>"; };
		7611BBF81FEA2BE900EC765A /* USpecialViewController.swift */ = {isa = PBXFileReference; lastKnownFileType = sourcecode.swift; path = USpecialViewController.swift; sourceTree = "<group>"; };
		7611BBFA1FEA2BFF00EC765A /* UBoutiqueListViewController.swift */ = {isa = PBXFileReference; lastKnownFileType = sourcecode.swift; path = UBoutiqueListViewController.swift; sourceTree = "<group>"; };
		7611BBFC1FEA2C1000EC765A /* URankListViewController.swift */ = {isa = PBXFileReference; lastKnownFileType = sourcecode.swift; path = URankListViewController.swift; sourceTree = "<group>"; };
		7611BC001FEA2F2900EC765A /* UMineHead.swift */ = {isa = PBXFileReference; lastKnownFileType = sourcecode.swift; path = UMineHead.swift; sourceTree = "<group>"; };
		7611BC021FEA30FC00EC765A /* USettingViewController.swift */ = {isa = PBXFileReference; lastKnownFileType = sourcecode.swift; path = USettingViewController.swift; sourceTree = "<group>"; };
		7611BC041FEA314C00EC765A /* UMineViewController.swift */ = {isa = PBXFileReference; lastKnownFileType = sourcecode.swift; path = UMineViewController.swift; sourceTree = "<group>"; };
		7611BC081FEA35A300EC765A /* USearchTHead.swift */ = {isa = PBXFileReference; lastKnownFileType = sourcecode.swift; path = USearchTHead.swift; sourceTree = "<group>"; };
		7611BC0A1FEA35C100EC765A /* USearchTFoot.swift */ = {isa = PBXFileReference; lastKnownFileType = sourcecode.swift; path = USearchTFoot.swift; sourceTree = "<group>"; };
		7611BC0C1FEA36EF00EC765A /* USearchViewController.swift */ = {isa = PBXFileReference; lastKnownFileType = sourcecode.swift; path = USearchViewController.swift; sourceTree = "<group>"; };
		7611BC0F1FEA42BB00EC765A /* UBookViewController.swift */ = {isa = PBXFileReference; fileEncoding = 4; lastKnownFileType = sourcecode.swift; path = UBookViewController.swift; sourceTree = "<group>"; };
		7611BC101FEA42BB00EC765A /* UCollectListViewController.swift */ = {isa = PBXFileReference; fileEncoding = 4; lastKnownFileType = sourcecode.swift; path = UCollectListViewController.swift; sourceTree = "<group>"; };
		7611BC111FEA42BB00EC765A /* UDocumentListViewController.swift */ = {isa = PBXFileReference; fileEncoding = 4; lastKnownFileType = sourcecode.swift; path = UDocumentListViewController.swift; sourceTree = "<group>"; };
		7611BC121FEA42BB00EC765A /* UDownloadListViewController.swift */ = {isa = PBXFileReference; fileEncoding = 4; lastKnownFileType = sourcecode.swift; path = UDownloadListViewController.swift; sourceTree = "<group>"; };
		766417281FE3AB9A009763BF /* YouYaoQi.app */ = {isa = PBXFileReference; explicitFileType = wrapper.application; includeInIndex = 0; path = YouYaoQi.app; sourceTree = BUILT_PRODUCTS_DIR; };
		7664172B1FE3AB9A009763BF /* AppDelegate.swift */ = {isa = PBXFileReference; lastKnownFileType = sourcecode.swift; path = AppDelegate.swift; sourceTree = "<group>"; };
		766417351FE3AB9A009763BF /* Base */ = {isa = PBXFileReference; lastKnownFileType = file.storyboard; name = Base; path = Base.lproj/LaunchScreen.storyboard; sourceTree = "<group>"; };
		766417371FE3AB9A009763BF /* Info.plist */ = {isa = PBXFileReference; lastKnownFileType = text.plist.xml; path = Info.plist; sourceTree = "<group>"; };
		7664173C1FE3AB9A009763BF /* YouYaoQiTests.xctest */ = {isa = PBXFileReference; explicitFileType = wrapper.cfbundle; includeInIndex = 0; path = YouYaoQiTests.xctest; sourceTree = BUILT_PRODUCTS_DIR; };
		766417401FE3AB9A009763BF /* YouYaoQiTests.swift */ = {isa = PBXFileReference; lastKnownFileType = sourcecode.swift; path = YouYaoQiTests.swift; sourceTree = "<group>"; };
		766417421FE3AB9A009763BF /* Info.plist */ = {isa = PBXFileReference; lastKnownFileType = text.plist.xml; path = Info.plist; sourceTree = "<group>"; };
		766417471FE3AB9B009763BF /* YouYaoQiUITests.xctest */ = {isa = PBXFileReference; explicitFileType = wrapper.cfbundle; includeInIndex = 0; path = YouYaoQiUITests.xctest; sourceTree = BUILT_PRODUCTS_DIR; };
		7664174B1FE3AB9B009763BF /* YouYaoQiUITests.swift */ = {isa = PBXFileReference; lastKnownFileType = sourcecode.swift; path = YouYaoQiUITests.swift; sourceTree = "<group>"; };
		7664174D1FE3AB9B009763BF /* Info.plist */ = {isa = PBXFileReference; lastKnownFileType = text.plist.xml; path = Info.plist; sourceTree = "<group>"; };
		766417591FE3ABB7009763BF /* Assets.xcassets */ = {isa = PBXFileReference; lastKnownFileType = folder.assetcatalog; path = Assets.xcassets; sourceTree = "<group>"; };
		766417621FE3B424009763BF /* UModel.swift */ = {isa = PBXFileReference; lastKnownFileType = sourcecode.swift; path = UModel.swift; sourceTree = "<group>"; };
		76C759E61FE74A3C00B5C986 /* ArrayExtensions.swift */ = {isa = PBXFileReference; lastKnownFileType = sourcecode.swift; path = ArrayExtensions.swift; sourceTree = "<group>"; };
		76C759E81FE75B5700B5C986 /* UIColorExtension.swift */ = {isa = PBXFileReference; lastKnownFileType = sourcecode.swift; path = UIColorExtension.swift; sourceTree = "<group>"; };
		76C759EA1FE7622000B5C986 /* UIViewExtension.swift */ = {isa = PBXFileReference; lastKnownFileType = sourcecode.swift; path = UIViewExtension.swift; sourceTree = "<group>"; };
		76C759EC1FE7897300B5C986 /* UIBarButtonItemExtenison.swift */ = {isa = PBXFileReference; lastKnownFileType = sourcecode.swift; path = UIBarButtonItemExtenison.swift; sourceTree = "<group>"; };
		76C759EE1FE78BE500B5C986 /* UIDeviceExtension.swift */ = {isa = PBXFileReference; lastKnownFileType = sourcecode.swift; path = UIDeviceExtension.swift; sourceTree = "<group>"; };
		76C759F01FE78D6D00B5C986 /* UIImageExtensions.swift */ = {isa = PBXFileReference; lastKnownFileType = sourcecode.swift; path = UIImageExtensions.swift; sourceTree = "<group>"; };
		76C759F21FE792F700B5C986 /* DispatchQueueExtension.swift */ = {isa = PBXFileReference; lastKnownFileType = sourcecode.swift; path = DispatchQueueExtension.swift; sourceTree = "<group>"; };
		76C759F41FE7938400B5C986 /* StringExtension.swift */ = {isa = PBXFileReference; lastKnownFileType = sourcecode.swift; path = StringExtension.swift; sourceTree = "<group>"; };
		76C759F61FE7943100B5C986 /* DictionaryExtension.swift */ = {isa = PBXFileReference; lastKnownFileType = sourcecode.swift; path = DictionaryExtension.swift; sourceTree = "<group>"; };
		76C75A001FE7B58700B5C986 /* UNoticeBar.swift */ = {isa = PBXFileReference; lastKnownFileType = sourcecode.swift; path = UNoticeBar.swift; sourceTree = "<group>"; };
		76F09BDC1FE8D8D300AAF01B /* ParallaxHeader.swift */ = {isa = PBXFileReference; fileEncoding = 4; lastKnownFileType = sourcecode.swift; path = ParallaxHeader.swift; sourceTree = "<group>"; };
		76F09BDD1FE8D8D300AAF01B /* ParallaxHeaderMode.swift */ = {isa = PBXFileReference; fileEncoding = 4; lastKnownFileType = sourcecode.swift; path = ParallaxHeaderMode.swift; sourceTree = "<group>"; };
		76F09BDE1FE8D8D300AAF01B /* UIScrollView+ParallaxHeader.swift */ = {isa = PBXFileReference; fileEncoding = 4; lastKnownFileType = sourcecode.swift; path = "UIScrollView+ParallaxHeader.swift"; sourceTree = "<group>"; };
		76F09BE21FE8D8FC00AAF01B /* ConstraintArray+Extensions.swift */ = {isa = PBXFileReference; fileEncoding = 4; lastKnownFileType = sourcecode.swift; path = "ConstraintArray+Extensions.swift"; sourceTree = "<group>"; };
		76F09BE31FE8D8FC00AAF01B /* ConstraintArrayDSL.swift */ = {isa = PBXFileReference; fileEncoding = 4; lastKnownFileType = sourcecode.swift; path = ConstraintArrayDSL.swift; sourceTree = "<group>"; };
		76F09BE61FE8D91600AAF01B /* UEmptyDataSet.swift */ = {isa = PBXFileReference; fileEncoding = 4; lastKnownFileType = sourcecode.swift; path = UEmptyDataSet.swift; sourceTree = "<group>"; };
		76F09BE81FE8D94400AAF01B /* URefresh.swift */ = {isa = PBXFileReference; fileEncoding = 4; lastKnownFileType = sourcecode.swift; path = URefresh.swift; sourceTree = "<group>"; };
		76F09BEA1FE8D95100AAF01B /* UCollectionViewAlignedLayout.swift */ = {isa = PBXFileReference; fileEncoding = 4; lastKnownFileType = sourcecode.swift; path = UCollectionViewAlignedLayout.swift; sourceTree = "<group>"; };
		76F09BEB1FE8D95100AAF01B /* UCollectionViewSectionBackgroundLayout.swift */ = {isa = PBXFileReference; fileEncoding = 4; lastKnownFileType = sourcecode.swift; path = UCollectionViewSectionBackgroundLayout.swift; sourceTree = "<group>"; };
		76F09BEE1FE8D96700AAF01B /* UIBarButtonItemFixSpace.swift */ = {isa = PBXFileReference; fileEncoding = 4; lastKnownFileType = sourcecode.swift; path = UIBarButtonItemFixSpace.swift; sourceTree = "<group>"; };
		76F09BF01FE8D97E00AAF01B /* UHairPowder.swift */ = {isa = PBXFileReference; fileEncoding = 4; lastKnownFileType = sourcecode.swift; path = UHairPowder.swift; sourceTree = "<group>"; };
		76F09BF21FE8D9A400AAF01B /* UAPI.swift */ = {isa = PBXFileReference; fileEncoding = 4; lastKnownFileType = sourcecode.swift; path = UAPI.swift; sourceTree = "<group>"; };
		76F09BF41FE8D9E900AAF01B /* Global.swift */ = {isa = PBXFileReference; lastKnownFileType = sourcecode.swift; path = Global.swift; sourceTree = "<group>"; };
		76F09BFD1FE8DBC200AAF01B /* UBaseTableViewHeaderFooterView.swift */ = {isa = PBXFileReference; lastKnownFileType = sourcecode.swift; path = UBaseTableViewHeaderFooterView.swift; sourceTree = "<group>"; };
		76F09BFF1FE8DBE100AAF01B /* UBaseCollectionViewCell.swift */ = {isa = PBXFileReference; lastKnownFileType = sourcecode.swift; path = UBaseCollectionViewCell.swift; sourceTree = "<group>"; };
		76F09C011FE8DBF800AAF01B /* UBaseTableViewCell.swift */ = {isa = PBXFileReference; lastKnownFileType = sourcecode.swift; path = UBaseTableViewCell.swift; sourceTree = "<group>"; };
		76F09C031FE8DC1300AAF01B /* UBaseCollectionReusableView.swift */ = {isa = PBXFileReference; lastKnownFileType = sourcecode.swift; path = UBaseCollectionReusableView.swift; sourceTree = "<group>"; };
		76F09C071FE8DE8400AAF01B /* UBaseViewController.swift */ = {isa = PBXFileReference; lastKnownFileType = sourcecode.swift; path = UBaseViewController.swift; sourceTree = "<group>"; };
		76F09C091FE8DEB000AAF01B /* UPageViewController.swift */ = {isa = PBXFileReference; lastKnownFileType = sourcecode.swift; path = UPageViewController.swift; sourceTree = "<group>"; };
		76F09C0B1FE8DED200AAF01B /* UTabBarController.swift */ = {isa = PBXFileReference; lastKnownFileType = sourcecode.swift; path = UTabBarController.swift; sourceTree = "<group>"; };
		76F09C0D1FE8DF0B00AAF01B /* UNavigationController.swift */ = {isa = PBXFileReference; lastKnownFileType = sourcecode.swift; path = UNavigationController.swift; sourceTree = "<group>"; };
		76F09C0F1FE8DF2800AAF01B /* UWebViewController.swift */ = {isa = PBXFileReference; lastKnownFileType = sourcecode.swift; path = UWebViewController.swift; sourceTree = "<group>"; };
		82B4115151F208E28CEC2EDC /* Pods_YouYaoQi.framework */ = {isa = PBXFileReference; explicitFileType = wrapper.framework; includeInIndex = 0; path = Pods_YouYaoQi.framework; sourceTree = BUILT_PRODUCTS_DIR; };
		8A0DE7B6FEB6E3F045EF71B4 /* Pods-YouYaoQi.release.xcconfig */ = {isa = PBXFileReference; includeInIndex = 1; lastKnownFileType = text.xcconfig; name = "Pods-YouYaoQi.release.xcconfig"; path = "Pods/Target Support Files/Pods-YouYaoQi/Pods-YouYaoQi.release.xcconfig"; sourceTree = "<group>"; };
		E5F565E38D2C6270E16DE5BF /* Pods-YouYaoQiTests.release.xcconfig */ = {isa = PBXFileReference; includeInIndex = 1; lastKnownFileType = text.xcconfig; name = "Pods-YouYaoQiTests.release.xcconfig"; path = "Pods/Target Support Files/Pods-YouYaoQiTests/Pods-YouYaoQiTests.release.xcconfig"; sourceTree = "<group>"; };
		EE06BA734719C060753CAEFF /* Pods_YouYaoQiUITests.framework */ = {isa = PBXFileReference; explicitFileType = wrapper.framework; includeInIndex = 0; path = Pods_YouYaoQiUITests.framework; sourceTree = BUILT_PRODUCTS_DIR; };
/* End PBXFileReference section */

/* Begin PBXFrameworksBuildPhase section */
		766417251FE3AB9A009763BF /* Frameworks */ = {
			isa = PBXFrameworksBuildPhase;
			buildActionMask = 2147483647;
			files = (
				23D0B644B4C6EACDA3693733 /* Pods_YouYaoQi.framework in Frameworks */,
			);
			runOnlyForDeploymentPostprocessing = 0;
		};
		766417391FE3AB9A009763BF /* Frameworks */ = {
			isa = PBXFrameworksBuildPhase;
			buildActionMask = 2147483647;
			files = (
				410CB3D229FA0918F3A6D4BC /* Pods_YouYaoQiTests.framework in Frameworks */,
			);
			runOnlyForDeploymentPostprocessing = 0;
		};
		766417441FE3AB9B009763BF /* Frameworks */ = {
			isa = PBXFrameworksBuildPhase;
			buildActionMask = 2147483647;
			files = (
				B84F36C51D3C0A6C284217CB /* Pods_YouYaoQiUITests.framework in Frameworks */,
			);
			runOnlyForDeploymentPostprocessing = 0;
		};
/* End PBXFrameworksBuildPhase section */

/* Begin PBXGroup section */
		3E8E04599E1D4042C453B431 /* Frameworks */ = {
			isa = PBXGroup;
			children = (
				82B4115151F208E28CEC2EDC /* Pods_YouYaoQi.framework */,
				54C611E07E01155AFAECA1A0 /* Pods_YouYaoQiTests.framework */,
				EE06BA734719C060753CAEFF /* Pods_YouYaoQiUITests.framework */,
			);
			name = Frameworks;
			sourceTree = "<group>";
		};
		7611BBAE1FE9E81000EC765A /* ViewController */ = {
			isa = PBXGroup;
			children = (
				7611BBB41FE9EBC600EC765A /* UCateListViewController.swift */,
			);
			path = ViewController;
			sourceTree = "<group>";
		};
		7611BBAF1FE9E82000EC765A /* View */ = {
			isa = PBXGroup;
			children = (
				7611BBB01FE9E86D00EC765A /* URankCCell.swift */,
				7611BBB21FE9E88200EC765A /* UTopCCell.swift */,
			);
			path = View;
			sourceTree = "<group>";
		};
		7611BBB61FE9EDA000EC765A /* Controller */ = {
			isa = PBXGroup;
			children = (
				7611BBD21FE9F9E000EC765A /* UComicViewController.swift */,
				7611BBD41FE9FA0200EC765A /* UDetailViewController.swift */,
				7611BBD61FE9FA1D00EC765A /* UOtherWorksViewController.swift */,
				7611BBD81FE9FA2E00EC765A /* UChapterViewController.swift */,
				7611BBDA1FE9FA3F00EC765A /* UComicListViewController.swift */,
				7611BBDC1FE9FA4D00EC765A /* UReadViewController.swift */,
				7611BBDE1FE9FA5C00EC765A /* UCommentViewController.swift */,
			);
			path = Controller;
			sourceTree = "<group>";
		};
		7611BBB71FE9EDAC00EC765A /* View */ = {
			isa = PBXGroup;
			children = (
				7611BBB81FE9EDDD00EC765A /* UOtherWorksCCell.swift */,
				7611BBBA1FE9EE1300EC765A /* UChapterCHead.swift */,
				7611BBBC1FE9EE4000EC765A /* UComicHead.swift */,
				7611BBBE1FE9EE6E00EC765A /* UTicketTCell.swift */,
				7611BBC01FE9EE9300EC765A /* UReadCCell.swift */,
				7611BBC21FE9EEAA00EC765A /* UChapterCCell.swift */,
				7611BBC41FE9EECF00EC765A /* UCommentTCell.swift */,
				7611BBC61FE9EEED00EC765A /* UReadTopBar.swift */,
				7611BBC81FE9EF1100EC765A /* UOtherWorksTCell.swift */,
				7611BBCA1FE9EF2B00EC765A /* UDescriptionTCell.swift */,
				7611BBCC1FE9EF4200EC765A /* UComicTCell.swift */,
				7611BBCE1FE9EF5E00EC765A /* UReadBottomBar.swift */,
				7611BBD01FE9EF8D00EC765A /* UGuessLikeTCell.swift */,
			);
			path = View;
			sourceTree = "<group>";
		};
		7611BBE01FEA0CDF00EC765A /* Controller */ = {
			isa = PBXGroup;
			children = (
				7611BBF01FEA2B7B00EC765A /* USubscibeListViewController.swift */,
				7611BBF21FEA2BA000EC765A /* UVIPListViewController.swift */,
				7611BBF41FEA2BC900EC765A /* UUpdateListViewController.swift */,
				7611BBF61FEA2BD900EC765A /* UHomeViewController.swift */,
				7611BBF81FEA2BE900EC765A /* USpecialViewController.swift */,
				7611BBFA1FEA2BFF00EC765A /* UBoutiqueListViewController.swift */,
				7611BBFC1FEA2C1000EC765A /* URankListViewController.swift */,
			);
			path = Controller;
			sourceTree = "<group>";
		};
		7611BBE11FEA0CEC00EC765A /* View */ = {
			isa = PBXGroup;
			children = (
				7611BBE21FEA0D3100EC765A /* UComicCHead.swift */,
				7611BBE41FEA0D5600EC765A /* URankTCell.swift */,
				7611BBE61FEA0D8400EC765A /* UComicCFoot.swift */,
				7611BBE81FEA0DA700EC765A /* UComicCCell.swift */,
				7611BBEA1FEA0DD000EC765A /* UUpdateTCell.swift */,
				7611BBEC1FEA0DF800EC765A /* UBoardCCell.swift */,
				7611BBEE1FEA0E1D00EC765A /* USpecialTCell.swift */,
			);
			path = View;
			sourceTree = "<group>";
		};
		7611BBFE1FEA2F0100EC765A /* Controller */ = {
			isa = PBXGroup;
			children = (
				7611BC021FEA30FC00EC765A /* USettingViewController.swift */,
				7611BC041FEA314C00EC765A /* UMineViewController.swift */,
			);
			path = Controller;
			sourceTree = "<group>";
		};
		7611BBFF1FEA2F0D00EC765A /* View */ = {
			isa = PBXGroup;
			children = (
				7611BC001FEA2F2900EC765A /* UMineHead.swift */,
			);
			path = View;
			sourceTree = "<group>";
		};
		7611BC061FEA351B00EC765A /* Controller */ = {
			isa = PBXGroup;
			children = (
				7611BC0C1FEA36EF00EC765A /* USearchViewController.swift */,
			);
			path = Controller;
			sourceTree = "<group>";
		};
		7611BC071FEA352600EC765A /* View */ = {
			isa = PBXGroup;
			children = (
				7611BC081FEA35A300EC765A /* USearchTHead.swift */,
				7611BC0A1FEA35C100EC765A /* USearchTFoot.swift */,
			);
			path = View;
			sourceTree = "<group>";
		};
		7611BC0E1FEA42BB00EC765A /* ViewController */ = {
			isa = PBXGroup;
			children = (
				7611BC0F1FEA42BB00EC765A /* UBookViewController.swift */,
				7611BC101FEA42BB00EC765A /* UCollectListViewController.swift */,
				7611BC111FEA42BB00EC765A /* UDocumentListViewController.swift */,
				7611BC121FEA42BB00EC765A /* UDownloadListViewController.swift */,
			);
			path = ViewController;
			sourceTree = "<group>";
		};
		7664171F1FE3AB9A009763BF = {
			isa = PBXGroup;
			children = (
				7664172A1FE3AB9A009763BF /* YouYaoQi */,
				7664173F1FE3AB9A009763BF /* YouYaoQiTests */,
				7664174A1FE3AB9B009763BF /* YouYaoQiUITests */,
				766417291FE3AB9A009763BF /* Products */,
				B260031556F00509AC29A66A /* Pods */,
				3E8E04599E1D4042C453B431 /* Frameworks */,
			);
			sourceTree = "<group>";
		};
		766417291FE3AB9A009763BF /* Products */ = {
			isa = PBXGroup;
			children = (
				766417281FE3AB9A009763BF /* YouYaoQi.app */,
				7664173C1FE3AB9A009763BF /* YouYaoQiTests.xctest */,
				766417471FE3AB9B009763BF /* YouYaoQiUITests.xctest */,
			);
			name = Products;
			sourceTree = "<group>";
		};
		7664172A1FE3AB9A009763BF /* YouYaoQi */ = {
			isa = PBXGroup;
			children = (
				7664175F1FE3AEC3009763BF /* Procedure */,
				7664175E1FE3AEBD009763BF /* Model */,
				7664175D1FE3AEB0009763BF /* Extension */,
				7664175C1FE3AE9A009763BF /* Component */,
				7664175B1FE3AE90009763BF /* API */,
				7664172B1FE3AB9A009763BF /* AppDelegate.swift */,
				766417591FE3ABB7009763BF /* Assets.xcassets */,
				766417341FE3AB9A009763BF /* LaunchScreen.storyboard */,
				766417371FE3AB9A009763BF /* Info.plist */,
			);
			path = YouYaoQi;
			sourceTree = "<group>";
		};
		7664173F1FE3AB9A009763BF /* YouYaoQiTests */ = {
			isa = PBXGroup;
			children = (
				766417401FE3AB9A009763BF /* YouYaoQiTests.swift */,
				766417421FE3AB9A009763BF /* Info.plist */,
			);
			path = YouYaoQiTests;
			sourceTree = "<group>";
		};
		7664174A1FE3AB9B009763BF /* YouYaoQiUITests */ = {
			isa = PBXGroup;
			children = (
				7664174B1FE3AB9B009763BF /* YouYaoQiUITests.swift */,
				7664174D1FE3AB9B009763BF /* Info.plist */,
			);
			path = YouYaoQiUITests;
			sourceTree = "<group>";
		};
		7664175B1FE3AE90009763BF /* API */ = {
			isa = PBXGroup;
			children = (
				76F09BF21FE8D9A400AAF01B /* UAPI.swift */,
			);
			path = API;
			sourceTree = "<group>";
		};
		7664175C1FE3AE9A009763BF /* Component */ = {
			isa = PBXGroup;
			children = (
				76C759FF1FE7B55B00B5C986 /* HairPowder */,
				76C759FE1FE7B54F00B5C986 /* BarButtonItem */,
				76C759FD1FE7B53200B5C986 /* CollectionViewLayout */,
				76C759FC1FE7B52A00B5C986 /* Refresh */,
				76C759FB1FE7B51D00B5C986 /* EmptyDataSet */,
				76C759FA1FE7B50D00B5C986 /* SnapKitExtension */,
				76C759F91FE7B4FD00B5C986 /* ParallaxHeader */,
				76C759F81FE7B4EA00B5C986 /* NoticeBar */,
			);
			path = Component;
			sourceTree = "<group>";
		};
		7664175D1FE3AEB0009763BF /* Extension */ = {
			isa = PBXGroup;
			children = (
				76C759E61FE74A3C00B5C986 /* ArrayExtensions.swift */,
				76C759E81FE75B5700B5C986 /* UIColorExtension.swift */,
				76C759EA1FE7622000B5C986 /* UIViewExtension.swift */,
				76C759EC1FE7897300B5C986 /* UIBarButtonItemExtenison.swift */,
				76C759EE1FE78BE500B5C986 /* UIDeviceExtension.swift */,
				76C759F01FE78D6D00B5C986 /* UIImageExtensions.swift */,
				76C759F21FE792F700B5C986 /* DispatchQueueExtension.swift */,
				76C759F41FE7938400B5C986 /* StringExtension.swift */,
				76C759F61FE7943100B5C986 /* DictionaryExtension.swift */,
			);
			path = Extension;
			sourceTree = "<group>";
		};
		7664175E1FE3AEBD009763BF /* Model */ = {
			isa = PBXGroup;
			children = (
				766417621FE3B424009763BF /* UModel.swift */,
			);
			path = Model;
			sourceTree = "<group>";
		};
		7664175F1FE3AEC3009763BF /* Procedure */ = {
			isa = PBXGroup;
			children = (
				76F09BF41FE8D9E900AAF01B /* Global.swift */,
				76F09BFC1FE8DB6100AAF01B /* Base */,
				76F09BFB1FE8DB5A00AAF01B /* Book */,
				76F09BFA1FE8DB5200AAF01B /* Cate */,
				76F09BF91FE8DB4A00AAF01B /* Comic */,
				76F09BF81FE8DB4000AAF01B /* Home */,
				76F09BF71FE8DB3A00AAF01B /* Mine */,
				76F09BF61FE8DB3200AAF01B /* Search */,
			);
			path = Procedure;
			sourceTree = "<group>";
		};
		76C759F81FE7B4EA00B5C986 /* NoticeBar */ = {
			isa = PBXGroup;
			children = (
				76C75A001FE7B58700B5C986 /* UNoticeBar.swift */,
			);
			path = NoticeBar;
			sourceTree = "<group>";
		};
		76C759F91FE7B4FD00B5C986 /* ParallaxHeader */ = {
			isa = PBXGroup;
			children = (
				76F09BDC1FE8D8D300AAF01B /* ParallaxHeader.swift */,
				76F09BDD1FE8D8D300AAF01B /* ParallaxHeaderMode.swift */,
				76F09BDE1FE8D8D300AAF01B /* UIScrollView+ParallaxHeader.swift */,
			);
			path = ParallaxHeader;
			sourceTree = "<group>";
		};
		76C759FA1FE7B50D00B5C986 /* SnapKitExtension */ = {
			isa = PBXGroup;
			children = (
				76F09BE21FE8D8FC00AAF01B /* ConstraintArray+Extensions.swift */,
				76F09BE31FE8D8FC00AAF01B /* ConstraintArrayDSL.swift */,
			);
			path = SnapKitExtension;
			sourceTree = "<group>";
		};
		76C759FB1FE7B51D00B5C986 /* EmptyDataSet */ = {
			isa = PBXGroup;
			children = (
				76F09BE61FE8D91600AAF01B /* UEmptyDataSet.swift */,
			);
			path = EmptyDataSet;
			sourceTree = "<group>";
		};
		76C759FC1FE7B52A00B5C986 /* Refresh */ = {
			isa = PBXGroup;
			children = (
				76F09BE81FE8D94400AAF01B /* URefresh.swift */,
			);
			path = Refresh;
			sourceTree = "<group>";
		};
		76C759FD1FE7B53200B5C986 /* CollectionViewLayout */ = {
			isa = PBXGroup;
			children = (
				76F09BEA1FE8D95100AAF01B /* UCollectionViewAlignedLayout.swift */,
				76F09BEB1FE8D95100AAF01B /* UCollectionViewSectionBackgroundLayout.swift */,
			);
			path = CollectionViewLayout;
			sourceTree = "<group>";
		};
		76C759FE1FE7B54F00B5C986 /* BarButtonItem */ = {
			isa = PBXGroup;
			children = (
				76F09BEE1FE8D96700AAF01B /* UIBarButtonItemFixSpace.swift */,
			);
			path = BarButtonItem;
			sourceTree = "<group>";
		};
		76C759FF1FE7B55B00B5C986 /* HairPowder */ = {
			isa = PBXGroup;
			children = (
				76F09BF01FE8D97E00AAF01B /* UHairPowder.swift */,
			);
			path = HairPowder;
			sourceTree = "<group>";
		};
		76F09BF61FE8DB3200AAF01B /* Search */ = {
			isa = PBXGroup;
			children = (
				7611BC071FEA352600EC765A /* View */,
				7611BC061FEA351B00EC765A /* Controller */,
			);
			path = Search;
			sourceTree = "<group>";
		};
		76F09BF71FE8DB3A00AAF01B /* Mine */ = {
			isa = PBXGroup;
			children = (
				7611BBFF1FEA2F0D00EC765A /* View */,
				7611BBFE1FEA2F0100EC765A /* Controller */,
			);
			path = Mine;
			sourceTree = "<group>";
		};
		76F09BF81FE8DB4000AAF01B /* Home */ = {
			isa = PBXGroup;
			children = (
				7611BBE11FEA0CEC00EC765A /* View */,
				7611BBE01FEA0CDF00EC765A /* Controller */,
			);
			path = Home;
			sourceTree = "<group>";
		};
		76F09BF91FE8DB4A00AAF01B /* Comic */ = {
			isa = PBXGroup;
			children = (
				7611BBB71FE9EDAC00EC765A /* View */,
				7611BBB61FE9EDA000EC765A /* Controller */,
			);
			path = Comic;
			sourceTree = "<group>";
		};
		76F09BFA1FE8DB5200AAF01B /* Cate */ = {
			isa = PBXGroup;
			children = (
				7611BBAF1FE9E82000EC765A /* View */,
				7611BBAE1FE9E81000EC765A /* ViewController */,
			);
			path = Cate;
			sourceTree = "<group>";
		};
		76F09BFB1FE8DB5A00AAF01B /* Book */ = {
			isa = PBXGroup;
			children = (
				7611BC0E1FEA42BB00EC765A /* ViewController */,
			);
			path = Book;
			sourceTree = "<group>";
		};
		76F09BFC1FE8DB6100AAF01B /* Base */ = {
			isa = PBXGroup;
			children = (
				76F09C061FE8DE5E00AAF01B /* Controller */,
				76F09C051FE8DE5300AAF01B /* View */,
			);
			path = Base;
			sourceTree = "<group>";
		};
		76F09C051FE8DE5300AAF01B /* View */ = {
			isa = PBXGroup;
			children = (
				76F09BFD1FE8DBC200AAF01B /* UBaseTableViewHeaderFooterView.swift */,
				76F09BFF1FE8DBE100AAF01B /* UBaseCollectionViewCell.swift */,
				76F09C011FE8DBF800AAF01B /* UBaseTableViewCell.swift */,
				76F09C031FE8DC1300AAF01B /* UBaseCollectionReusableView.swift */,
			);
			path = View;
			sourceTree = "<group>";
		};
		76F09C061FE8DE5E00AAF01B /* Controller */ = {
			isa = PBXGroup;
			children = (
				76F09C071FE8DE8400AAF01B /* UBaseViewController.swift */,
				76F09C091FE8DEB000AAF01B /* UPageViewController.swift */,
				76F09C0B1FE8DED200AAF01B /* UTabBarController.swift */,
				76F09C0D1FE8DF0B00AAF01B /* UNavigationController.swift */,
				76F09C0F1FE8DF2800AAF01B /* UWebViewController.swift */,
			);
			path = Controller;
			sourceTree = "<group>";
		};
		B260031556F00509AC29A66A /* Pods */ = {
			isa = PBXGroup;
			children = (
				33503AD5166940AA6B63A52D /* Pods-YouYaoQi.debug.xcconfig */,
				8A0DE7B6FEB6E3F045EF71B4 /* Pods-YouYaoQi.release.xcconfig */,
				74BCFD2C3FE4BAF13C2B06B0 /* Pods-YouYaoQiTests.debug.xcconfig */,
				E5F565E38D2C6270E16DE5BF /* Pods-YouYaoQiTests.release.xcconfig */,
				29DBB16EFA908F0F06C91C7A /* Pods-YouYaoQiUITests.debug.xcconfig */,
				11D5D680979520BF78E8A81E /* Pods-YouYaoQiUITests.release.xcconfig */,
			);
			name = Pods;
			sourceTree = "<group>";
		};
/* End PBXGroup section */

/* Begin PBXNativeTarget section */
		766417271FE3AB9A009763BF /* YouYaoQi */ = {
			isa = PBXNativeTarget;
			buildConfigurationList = 766417501FE3AB9B009763BF /* Build configuration list for PBXNativeTarget "YouYaoQi" */;
			buildPhases = (
				E2BA6C20246DF56FF6932B66 /* [CP] Check Pods Manifest.lock */,
				766417241FE3AB9A009763BF /* Sources */,
				766417251FE3AB9A009763BF /* Frameworks */,
				766417261FE3AB9A009763BF /* Resources */,
				E3A45502510E374853F3867B /* [CP] Embed Pods Frameworks */,
				AA767C3144E7E2609E3EC72C /* [CP] Copy Pods Resources */,
			);
			buildRules = (
			);
			dependencies = (
			);
			name = YouYaoQi;
			productName = YouYaoQi;
			productReference = 766417281FE3AB9A009763BF /* YouYaoQi.app */;
			productType = "com.apple.product-type.application";
		};
		7664173B1FE3AB9A009763BF /* YouYaoQiTests */ = {
			isa = PBXNativeTarget;
			buildConfigurationList = 766417531FE3AB9B009763BF /* Build configuration list for PBXNativeTarget "YouYaoQiTests" */;
			buildPhases = (
				77F3769C76D9D8D618DF54E1 /* [CP] Check Pods Manifest.lock */,
				766417381FE3AB9A009763BF /* Sources */,
				766417391FE3AB9A009763BF /* Frameworks */,
				7664173A1FE3AB9A009763BF /* Resources */,
				A83D2A72D02380C0FC1A01BB /* [CP] Embed Pods Frameworks */,
				239D3E8C0817CBAF18ED4515 /* [CP] Copy Pods Resources */,
			);
			buildRules = (
			);
			dependencies = (
				7664173E1FE3AB9A009763BF /* PBXTargetDependency */,
			);
			name = YouYaoQiTests;
			productName = YouYaoQiTests;
			productReference = 7664173C1FE3AB9A009763BF /* YouYaoQiTests.xctest */;
			productType = "com.apple.product-type.bundle.unit-test";
		};
		766417461FE3AB9B009763BF /* YouYaoQiUITests */ = {
			isa = PBXNativeTarget;
			buildConfigurationList = 766417561FE3AB9B009763BF /* Build configuration list for PBXNativeTarget "YouYaoQiUITests" */;
			buildPhases = (
				8D2F1B00975E76F1AB01D2EF /* [CP] Check Pods Manifest.lock */,
				766417431FE3AB9B009763BF /* Sources */,
				766417441FE3AB9B009763BF /* Frameworks */,
				766417451FE3AB9B009763BF /* Resources */,
				C9BAE1955965915C107C506D /* [CP] Embed Pods Frameworks */,
				5BCD72D536E5A70E188418C6 /* [CP] Copy Pods Resources */,
			);
			buildRules = (
			);
			dependencies = (
				766417491FE3AB9B009763BF /* PBXTargetDependency */,
			);
			name = YouYaoQiUITests;
			productName = YouYaoQiUITests;
			productReference = 766417471FE3AB9B009763BF /* YouYaoQiUITests.xctest */;
			productType = "com.apple.product-type.bundle.ui-testing";
		};
/* End PBXNativeTarget section */

/* Begin PBXProject section */
		766417201FE3AB9A009763BF /* Project object */ = {
			isa = PBXProject;
			attributes = {
				LastSwiftUpdateCheck = 0920;
				LastUpgradeCheck = 0920;
				ORGANIZATIONNAME = PengLiang;
				TargetAttributes = {
					766417271FE3AB9A009763BF = {
						CreatedOnToolsVersion = 9.2;
						ProvisioningStyle = Automatic;
					};
					7664173B1FE3AB9A009763BF = {
						CreatedOnToolsVersion = 9.2;
						ProvisioningStyle = Automatic;
						TestTargetID = 766417271FE3AB9A009763BF;
					};
					766417461FE3AB9B009763BF = {
						CreatedOnToolsVersion = 9.2;
						ProvisioningStyle = Automatic;
						TestTargetID = 766417271FE3AB9A009763BF;
					};
				};
			};
			buildConfigurationList = 766417231FE3AB9A009763BF /* Build configuration list for PBXProject "YouYaoQi" */;
			compatibilityVersion = "Xcode 8.0";
			developmentRegion = en;
			hasScannedForEncodings = 0;
			knownRegions = (
				en,
				Base,
			);
			mainGroup = 7664171F1FE3AB9A009763BF;
			productRefGroup = 766417291FE3AB9A009763BF /* Products */;
			projectDirPath = "";
			projectRoot = "";
			targets = (
				766417271FE3AB9A009763BF /* YouYaoQi */,
				7664173B1FE3AB9A009763BF /* YouYaoQiTests */,
				766417461FE3AB9B009763BF /* YouYaoQiUITests */,
			);
		};
/* End PBXProject section */

/* Begin PBXResourcesBuildPhase section */
		766417261FE3AB9A009763BF /* Resources */ = {
			isa = PBXResourcesBuildPhase;
			buildActionMask = 2147483647;
			files = (
				766417361FE3AB9A009763BF /* LaunchScreen.storyboard in Resources */,
				7664175A1FE3ABB7009763BF /* Assets.xcassets in Resources */,
			);
			runOnlyForDeploymentPostprocessing = 0;
		};
		7664173A1FE3AB9A009763BF /* Resources */ = {
			isa = PBXResourcesBuildPhase;
			buildActionMask = 2147483647;
			files = (
			);
			runOnlyForDeploymentPostprocessing = 0;
		};
		766417451FE3AB9B009763BF /* Resources */ = {
			isa = PBXResourcesBuildPhase;
			buildActionMask = 2147483647;
			files = (
			);
			runOnlyForDeploymentPostprocessing = 0;
		};
/* End PBXResourcesBuildPhase section */

/* Begin PBXShellScriptBuildPhase section */
		239D3E8C0817CBAF18ED4515 /* [CP] Copy Pods Resources */ = {
			isa = PBXShellScriptBuildPhase;
			buildActionMask = 2147483647;
			files = (
			);
			inputPaths = (
			);
			name = "[CP] Copy Pods Resources";
			outputPaths = (
			);
			runOnlyForDeploymentPostprocessing = 0;
			shellPath = /bin/sh;
			shellScript = "\"${SRCROOT}/Pods/Target Support Files/Pods-YouYaoQiTests/Pods-YouYaoQiTests-resources.sh\"\n";
			showEnvVarsInLog = 0;
		};
		5BCD72D536E5A70E188418C6 /* [CP] Copy Pods Resources */ = {
			isa = PBXShellScriptBuildPhase;
			buildActionMask = 2147483647;
			files = (
			);
			inputPaths = (
			);
			name = "[CP] Copy Pods Resources";
			outputPaths = (
			);
			runOnlyForDeploymentPostprocessing = 0;
			shellPath = /bin/sh;
			shellScript = "\"${SRCROOT}/Pods/Target Support Files/Pods-YouYaoQiUITests/Pods-YouYaoQiUITests-resources.sh\"\n";
			showEnvVarsInLog = 0;
		};
		77F3769C76D9D8D618DF54E1 /* [CP] Check Pods Manifest.lock */ = {
			isa = PBXShellScriptBuildPhase;
			buildActionMask = 2147483647;
			files = (
			);
			inputPaths = (
				"${PODS_PODFILE_DIR_PATH}/Podfile.lock",
				"${PODS_ROOT}/Manifest.lock",
			);
			name = "[CP] Check Pods Manifest.lock";
			outputPaths = (
				"$(DERIVED_FILE_DIR)/Pods-YouYaoQiTests-checkManifestLockResult.txt",
			);
			runOnlyForDeploymentPostprocessing = 0;
			shellPath = /bin/sh;
			shellScript = "diff \"${PODS_PODFILE_DIR_PATH}/Podfile.lock\" \"${PODS_ROOT}/Manifest.lock\" > /dev/null\nif [ $? != 0 ] ; then\n    # print error to STDERR\n    echo \"error: The sandbox is not in sync with the Podfile.lock. Run 'pod install' or update your CocoaPods installation.\" >&2\n    exit 1\nfi\n# This output is used by Xcode 'outputs' to avoid re-running this script phase.\necho \"SUCCESS\" > \"${SCRIPT_OUTPUT_FILE_0}\"\n";
			showEnvVarsInLog = 0;
		};
		8D2F1B00975E76F1AB01D2EF /* [CP] Check Pods Manifest.lock */ = {
			isa = PBXShellScriptBuildPhase;
			buildActionMask = 2147483647;
			files = (
			);
			inputPaths = (
				"${PODS_PODFILE_DIR_PATH}/Podfile.lock",
				"${PODS_ROOT}/Manifest.lock",
			);
			name = "[CP] Check Pods Manifest.lock";
			outputPaths = (
				"$(DERIVED_FILE_DIR)/Pods-YouYaoQiUITests-checkManifestLockResult.txt",
			);
			runOnlyForDeploymentPostprocessing = 0;
			shellPath = /bin/sh;
			shellScript = "diff \"${PODS_PODFILE_DIR_PATH}/Podfile.lock\" \"${PODS_ROOT}/Manifest.lock\" > /dev/null\nif [ $? != 0 ] ; then\n    # print error to STDERR\n    echo \"error: The sandbox is not in sync with the Podfile.lock. Run 'pod install' or update your CocoaPods installation.\" >&2\n    exit 1\nfi\n# This output is used by Xcode 'outputs' to avoid re-running this script phase.\necho \"SUCCESS\" > \"${SCRIPT_OUTPUT_FILE_0}\"\n";
			showEnvVarsInLog = 0;
		};
		A83D2A72D02380C0FC1A01BB /* [CP] Embed Pods Frameworks */ = {
			isa = PBXShellScriptBuildPhase;
			buildActionMask = 2147483647;
			files = (
			);
			inputPaths = (
			);
			name = "[CP] Embed Pods Frameworks";
			outputPaths = (
			);
			runOnlyForDeploymentPostprocessing = 0;
			shellPath = /bin/sh;
			shellScript = "\"${SRCROOT}/Pods/Target Support Files/Pods-YouYaoQiTests/Pods-YouYaoQiTests-frameworks.sh\"\n";
			showEnvVarsInLog = 0;
		};
		AA767C3144E7E2609E3EC72C /* [CP] Copy Pods Resources */ = {
			isa = PBXShellScriptBuildPhase;
			buildActionMask = 2147483647;
			files = (
			);
			inputPaths = (
			);
			name = "[CP] Copy Pods Resources";
			outputPaths = (
			);
			runOnlyForDeploymentPostprocessing = 0;
			shellPath = /bin/sh;
			shellScript = "\"${SRCROOT}/Pods/Target Support Files/Pods-YouYaoQi/Pods-YouYaoQi-resources.sh\"\n";
			showEnvVarsInLog = 0;
		};
		C9BAE1955965915C107C506D /* [CP] Embed Pods Frameworks */ = {
			isa = PBXShellScriptBuildPhase;
			buildActionMask = 2147483647;
			files = (
			);
			inputPaths = (
			);
			name = "[CP] Embed Pods Frameworks";
			outputPaths = (
			);
			runOnlyForDeploymentPostprocessing = 0;
			shellPath = /bin/sh;
			shellScript = "\"${SRCROOT}/Pods/Target Support Files/Pods-YouYaoQiUITests/Pods-YouYaoQiUITests-frameworks.sh\"\n";
			showEnvVarsInLog = 0;
		};
		E2BA6C20246DF56FF6932B66 /* [CP] Check Pods Manifest.lock */ = {
			isa = PBXShellScriptBuildPhase;
			buildActionMask = 2147483647;
			files = (
			);
			inputPaths = (
				"${PODS_PODFILE_DIR_PATH}/Podfile.lock",
				"${PODS_ROOT}/Manifest.lock",
			);
			name = "[CP] Check Pods Manifest.lock";
			outputPaths = (
				"$(DERIVED_FILE_DIR)/Pods-YouYaoQi-checkManifestLockResult.txt",
			);
			runOnlyForDeploymentPostprocessing = 0;
			shellPath = /bin/sh;
			shellScript = "diff \"${PODS_PODFILE_DIR_PATH}/Podfile.lock\" \"${PODS_ROOT}/Manifest.lock\" > /dev/null\nif [ $? != 0 ] ; then\n    # print error to STDERR\n    echo \"error: The sandbox is not in sync with the Podfile.lock. Run 'pod install' or update your CocoaPods installation.\" >&2\n    exit 1\nfi\n# This output is used by Xcode 'outputs' to avoid re-running this script phase.\necho \"SUCCESS\" > \"${SCRIPT_OUTPUT_FILE_0}\"\n";
			showEnvVarsInLog = 0;
		};
		E3A45502510E374853F3867B /* [CP] Embed Pods Frameworks */ = {
			isa = PBXShellScriptBuildPhase;
			buildActionMask = 2147483647;
			files = (
			);
			inputPaths = (
				"${SRCROOT}/Pods/Target Support Files/Pods-YouYaoQi/Pods-YouYaoQi-frameworks.sh",
				"${BUILT_PRODUCTS_DIR}/Alamofire/Alamofire.framework",
				"${BUILT_PRODUCTS_DIR}/EmptyDataSet-Swift/EmptyDataSet_Swift.framework",
				"${BUILT_PRODUCTS_DIR}/HMSegmentedControl/HMSegmentedControl.framework",
				"${BUILT_PRODUCTS_DIR}/HandyJSON/HandyJSON.framework",
				"${BUILT_PRODUCTS_DIR}/IQKeyboardManagerSwift/IQKeyboardManagerSwift.framework",
				"${BUILT_PRODUCTS_DIR}/Kingfisher/Kingfisher.framework",
				"${BUILT_PRODUCTS_DIR}/LLCycleScrollView/LLCycleScrollView.framework",
				"${BUILT_PRODUCTS_DIR}/MBProgressHUD/MBProgressHUD.framework",
				"${BUILT_PRODUCTS_DIR}/MJRefresh/MJRefresh.framework",
				"${BUILT_PRODUCTS_DIR}/Moya/Moya.framework",
				"${BUILT_PRODUCTS_DIR}/Result/Result.framework",
				"${BUILT_PRODUCTS_DIR}/Reusable/Reusable.framework",
				"${BUILT_PRODUCTS_DIR}/SnapKit/SnapKit.framework",
				"${BUILT_PRODUCTS_DIR}/Then/Then.framework",
			);
			name = "[CP] Embed Pods Frameworks";
			outputPaths = (
				"${TARGET_BUILD_DIR}/${FRAMEWORKS_FOLDER_PATH}/Alamofire.framework",
				"${TARGET_BUILD_DIR}/${FRAMEWORKS_FOLDER_PATH}/EmptyDataSet_Swift.framework",
				"${TARGET_BUILD_DIR}/${FRAMEWORKS_FOLDER_PATH}/HMSegmentedControl.framework",
				"${TARGET_BUILD_DIR}/${FRAMEWORKS_FOLDER_PATH}/HandyJSON.framework",
				"${TARGET_BUILD_DIR}/${FRAMEWORKS_FOLDER_PATH}/IQKeyboardManagerSwift.framework",
				"${TARGET_BUILD_DIR}/${FRAMEWORKS_FOLDER_PATH}/Kingfisher.framework",
				"${TARGET_BUILD_DIR}/${FRAMEWORKS_FOLDER_PATH}/LLCycleScrollView.framework",
				"${TARGET_BUILD_DIR}/${FRAMEWORKS_FOLDER_PATH}/MBProgressHUD.framework",
				"${TARGET_BUILD_DIR}/${FRAMEWORKS_FOLDER_PATH}/MJRefresh.framework",
				"${TARGET_BUILD_DIR}/${FRAMEWORKS_FOLDER_PATH}/Moya.framework",
				"${TARGET_BUILD_DIR}/${FRAMEWORKS_FOLDER_PATH}/Result.framework",
				"${TARGET_BUILD_DIR}/${FRAMEWORKS_FOLDER_PATH}/Reusable.framework",
				"${TARGET_BUILD_DIR}/${FRAMEWORKS_FOLDER_PATH}/SnapKit.framework",
				"${TARGET_BUILD_DIR}/${FRAMEWORKS_FOLDER_PATH}/Then.framework",
			);
			runOnlyForDeploymentPostprocessing = 0;
			shellPath = /bin/sh;
			shellScript = "\"${SRCROOT}/Pods/Target Support Files/Pods-YouYaoQi/Pods-YouYaoQi-frameworks.sh\"\n";
			showEnvVarsInLog = 0;
		};
/* End PBXShellScriptBuildPhase section */

/* Begin PBXSourcesBuildPhase section */
		766417241FE3AB9A009763BF /* Sources */ = {
			isa = PBXSourcesBuildPhase;
			buildActionMask = 2147483647;
			files = (
				7611BBF31FEA2BA000EC765A /* UVIPListViewController.swift in Sources */,
				7611BC151FEA42BB00EC765A /* UDocumentListViewController.swift in Sources */,
				76F09BE71FE8D91600AAF01B /* UEmptyDataSet.swift in Sources */,
				76F09BED1FE8D95100AAF01B /* UCollectionViewSectionBackgroundLayout.swift in Sources */,
				7611BBEB1FEA0DD000EC765A /* UUpdateTCell.swift in Sources */,
				76C759E71FE74A3C00B5C986 /* ArrayExtensions.swift in Sources */,
				7611BBB51FE9EBC600EC765A /* UCateListViewController.swift in Sources */,
				7611BC091FEA35A300EC765A /* USearchTHead.swift in Sources */,
				7611BBC11FE9EE9300EC765A /* UReadCCell.swift in Sources */,
				76C759F31FE792F700B5C986 /* DispatchQueueExtension.swift in Sources */,
				7611BBD91FE9FA2E00EC765A /* UChapterViewController.swift in Sources */,
				7611BBDD1FE9FA4D00EC765A /* UReadViewController.swift in Sources */,
				76F09C101FE8DF2800AAF01B /* UWebViewController.swift in Sources */,
				7611BBB31FE9E88200EC765A /* UTopCCell.swift in Sources */,
				766417631FE3B424009763BF /* UModel.swift in Sources */,
				76F09C0A1FE8DEB000AAF01B /* UPageViewController.swift in Sources */,
				7611BBB11FE9E86D00EC765A /* URankCCell.swift in Sources */,
				76C759F71FE7943100B5C986 /* DictionaryExtension.swift in Sources */,
				76F09C0E1FE8DF0B00AAF01B /* UNavigationController.swift in Sources */,
				7611BBF51FEA2BC900EC765A /* UUpdateListViewController.swift in Sources */,
				7611BBCD1FE9EF4200EC765A /* UComicTCell.swift in Sources */,
				76F09C021FE8DBF800AAF01B /* UBaseTableViewCell.swift in Sources */,
				76C759EF1FE78BE500B5C986 /* UIDeviceExtension.swift in Sources */,
				76F09BE01FE8D8D300AAF01B /* ParallaxHeaderMode.swift in Sources */,
				7611BBE91FEA0DA700EC765A /* UComicCCell.swift in Sources */,
				7611BBDF1FE9FA5C00EC765A /* UCommentViewController.swift in Sources */,
				7611BBC31FE9EEAA00EC765A /* UChapterCCell.swift in Sources */,
				7611BBDB1FE9FA3F00EC765A /* UComicListViewController.swift in Sources */,
				76C759ED1FE7897300B5C986 /* UIBarButtonItemExtenison.swift in Sources */,
				76C759EB1FE7622000B5C986 /* UIViewExtension.swift in Sources */,
				76F09BDF1FE8D8D300AAF01B /* ParallaxHeader.swift in Sources */,
				76C759F51FE7938400B5C986 /* StringExtension.swift in Sources */,
				76F09BFE1FE8DBC200AAF01B /* UBaseTableViewHeaderFooterView.swift in Sources */,
				7611BBE51FEA0D5600EC765A /* URankTCell.swift in Sources */,
				7611BBD11FE9EF8D00EC765A /* UGuessLikeTCell.swift in Sources */,
				7611BBB91FE9EDDD00EC765A /* UOtherWorksCCell.swift in Sources */,
				76F09BEC1FE8D95100AAF01B /* UCollectionViewAlignedLayout.swift in Sources */,
				7611BBEF1FEA0E1D00EC765A /* USpecialTCell.swift in Sources */,
				76C759F11FE78D6D00B5C986 /* UIImageExtensions.swift in Sources */,
				7611BBD71FE9FA1D00EC765A /* UOtherWorksViewController.swift in Sources */,
				7611BBC91FE9EF1100EC765A /* UOtherWorksTCell.swift in Sources */,
				7611BBE31FEA0D3100EC765A /* UComicCHead.swift in Sources */,
				7611BC051FEA314C00EC765A /* UMineViewController.swift in Sources */,
				7611BC011FEA2F2900EC765A /* UMineHead.swift in Sources */,
				76C75A011FE7B58700B5C986 /* UNoticeBar.swift in Sources */,
				7611BBE71FEA0D8400EC765A /* UComicCFoot.swift in Sources */,
				76F09BEF1FE8D96700AAF01B /* UIBarButtonItemFixSpace.swift in Sources */,
				76F09BE91FE8D94400AAF01B /* URefresh.swift in Sources */,
				7611BBD31FE9F9E000EC765A /* UComicViewController.swift in Sources */,
				7611BBF91FEA2BE900EC765A /* USpecialViewController.swift in Sources */,
				76F09C081FE8DE8400AAF01B /* UBaseViewController.swift in Sources */,
				7611BBED1FEA0DF800EC765A /* UBoardCCell.swift in Sources */,
				7611BBF71FEA2BD900EC765A /* UHomeViewController.swift in Sources */,
				7611BBC51FE9EECF00EC765A /* UCommentTCell.swift in Sources */,
				76F09BF51FE8D9E900AAF01B /* Global.swift in Sources */,
				76F09BF11FE8D97E00AAF01B /* UHairPowder.swift in Sources */,
				7611BC131FEA42BB00EC765A /* UBookViewController.swift in Sources */,
				7611BBBF1FE9EE6E00EC765A /* UTicketTCell.swift in Sources */,
				7611BBBD1FE9EE4000EC765A /* UComicHead.swift in Sources */,
				7611BBFB1FEA2BFF00EC765A /* UBoutiqueListViewController.swift in Sources */,
				7611BBC71FE9EEED00EC765A /* UReadTopBar.swift in Sources */,
				7664172C1FE3AB9A009763BF /* AppDelegate.swift in Sources */,
				76F09BE11FE8D8D300AAF01B /* UIScrollView+ParallaxHeader.swift in Sources */,
				7611BBF11FEA2B7B00EC765A /* USubscibeListViewController.swift in Sources */,
				76F09C041FE8DC1300AAF01B /* UBaseCollectionReusableView.swift in Sources */,
				7611BC0B1FEA35C100EC765A /* USearchTFoot.swift in Sources */,
				76F09BE41FE8D8FD00AAF01B /* ConstraintArray+Extensions.swift in Sources */,
				76F09BE51FE8D8FD00AAF01B /* ConstraintArrayDSL.swift in Sources */,
				76F09BF31FE8D9A400AAF01B /* UAPI.swift in Sources */,
				76C759E91FE75B5700B5C986 /* UIColorExtension.swift in Sources */,
				7611BC141FEA42BB00EC765A /* UCollectListViewController.swift in Sources */,
				76F09C001FE8DBE100AAF01B /* UBaseCollectionViewCell.swift in Sources */,
				7611BC161FEA42BB00EC765A /* UDownloadListViewController.swift in Sources */,
				76F09C0C1FE8DED200AAF01B /* UTabBarController.swift in Sources */,
				7611BBBB1FE9EE1300EC765A /* UChapterCHead.swift in Sources */,
				7611BBFD1FEA2C1000EC765A /* URankListViewController.swift in Sources */,
				7611BBCF1FE9EF5E00EC765A /* UReadBottomBar.swift in Sources */,
				7611BC031FEA30FC00EC765A /* USettingViewController.swift in Sources */,
				7611BBCB1FE9EF2B00EC765A /* UDescriptionTCell.swift in Sources */,
				7611BC0D1FEA36EF00EC765A /* USearchViewController.swift in Sources */,
				7611BBD51FE9FA0200EC765A /* UDetailViewController.swift in Sources */,
			);
			runOnlyForDeploymentPostprocessing = 0;
		};
		766417381FE3AB9A009763BF /* Sources */ = {
			isa = PBXSourcesBuildPhase;
			buildActionMask = 2147483647;
			files = (
				766417411FE3AB9A009763BF /* YouYaoQiTests.swift in Sources */,
			);
			runOnlyForDeploymentPostprocessing = 0;
		};
		766417431FE3AB9B009763BF /* Sources */ = {
			isa = PBXSourcesBuildPhase;
			buildActionMask = 2147483647;
			files = (
				7664174C1FE3AB9B009763BF /* YouYaoQiUITests.swift in Sources */,
			);
			runOnlyForDeploymentPostprocessing = 0;
		};
/* End PBXSourcesBuildPhase section */

/* Begin PBXTargetDependency section */
		7664173E1FE3AB9A009763BF /* PBXTargetDependency */ = {
			isa = PBXTargetDependency;
			target = 766417271FE3AB9A009763BF /* YouYaoQi */;
			targetProxy = 7664173D1FE3AB9A009763BF /* PBXContainerItemProxy */;
		};
		766417491FE3AB9B009763BF /* PBXTargetDependency */ = {
			isa = PBXTargetDependency;
			target = 766417271FE3AB9A009763BF /* YouYaoQi */;
			targetProxy = 766417481FE3AB9B009763BF /* PBXContainerItemProxy */;
		};
/* End PBXTargetDependency section */

/* Begin PBXVariantGroup section */
		766417341FE3AB9A009763BF /* LaunchScreen.storyboard */ = {
			isa = PBXVariantGroup;
			children = (
				766417351FE3AB9A009763BF /* Base */,
			);
			name = LaunchScreen.storyboard;
			sourceTree = "<group>";
		};
/* End PBXVariantGroup section */

/* Begin XCBuildConfiguration section */
		7664174E1FE3AB9B009763BF /* Debug */ = {
			isa = XCBuildConfiguration;
			buildSettings = {
				ALWAYS_SEARCH_USER_PATHS = NO;
				CLANG_ANALYZER_NONNULL = YES;
				CLANG_ANALYZER_NUMBER_OBJECT_CONVERSION = YES_AGGRESSIVE;
				CLANG_CXX_LANGUAGE_STANDARD = "gnu++14";
				CLANG_CXX_LIBRARY = "libc++";
				CLANG_ENABLE_MODULES = YES;
				CLANG_ENABLE_OBJC_ARC = YES;
				CLANG_WARN_BLOCK_CAPTURE_AUTORELEASING = YES;
				CLANG_WARN_BOOL_CONVERSION = YES;
				CLANG_WARN_COMMA = YES;
				CLANG_WARN_CONSTANT_CONVERSION = YES;
				CLANG_WARN_DIRECT_OBJC_ISA_USAGE = YES_ERROR;
				CLANG_WARN_DOCUMENTATION_COMMENTS = YES;
				CLANG_WARN_EMPTY_BODY = YES;
				CLANG_WARN_ENUM_CONVERSION = YES;
				CLANG_WARN_INFINITE_RECURSION = YES;
				CLANG_WARN_INT_CONVERSION = YES;
				CLANG_WARN_NON_LITERAL_NULL_CONVERSION = YES;
				CLANG_WARN_OBJC_LITERAL_CONVERSION = YES;
				CLANG_WARN_OBJC_ROOT_CLASS = YES_ERROR;
				CLANG_WARN_RANGE_LOOP_ANALYSIS = YES;
				CLANG_WARN_STRICT_PROTOTYPES = YES;
				CLANG_WARN_SUSPICIOUS_MOVE = YES;
				CLANG_WARN_UNGUARDED_AVAILABILITY = YES_AGGRESSIVE;
				CLANG_WARN_UNREACHABLE_CODE = YES;
				CLANG_WARN__DUPLICATE_METHOD_MATCH = YES;
				CODE_SIGN_IDENTITY = "iPhone Developer";
				COPY_PHASE_STRIP = NO;
				DEBUG_INFORMATION_FORMAT = dwarf;
				ENABLE_STRICT_OBJC_MSGSEND = YES;
				ENABLE_TESTABILITY = YES;
				GCC_C_LANGUAGE_STANDARD = gnu11;
				GCC_DYNAMIC_NO_PIC = NO;
				GCC_NO_COMMON_BLOCKS = YES;
				GCC_OPTIMIZATION_LEVEL = 0;
				GCC_PREPROCESSOR_DEFINITIONS = (
					"DEBUG=1",
					"$(inherited)",
				);
				GCC_WARN_64_TO_32_BIT_CONVERSION = YES;
				GCC_WARN_ABOUT_RETURN_TYPE = YES_ERROR;
				GCC_WARN_UNDECLARED_SELECTOR = YES;
				GCC_WARN_UNINITIALIZED_AUTOS = YES_AGGRESSIVE;
				GCC_WARN_UNUSED_FUNCTION = YES;
				GCC_WARN_UNUSED_VARIABLE = YES;
				IPHONEOS_DEPLOYMENT_TARGET = 11.2;
				MTL_ENABLE_DEBUG_INFO = YES;
				ONLY_ACTIVE_ARCH = YES;
				SDKROOT = iphoneos;
				SWIFT_ACTIVE_COMPILATION_CONDITIONS = DEBUG;
				SWIFT_OPTIMIZATION_LEVEL = "-Onone";
			};
			name = Debug;
		};
		7664174F1FE3AB9B009763BF /* Release */ = {
			isa = XCBuildConfiguration;
			buildSettings = {
				ALWAYS_SEARCH_USER_PATHS = NO;
				CLANG_ANALYZER_NONNULL = YES;
				CLANG_ANALYZER_NUMBER_OBJECT_CONVERSION = YES_AGGRESSIVE;
				CLANG_CXX_LANGUAGE_STANDARD = "gnu++14";
				CLANG_CXX_LIBRARY = "libc++";
				CLANG_ENABLE_MODULES = YES;
				CLANG_ENABLE_OBJC_ARC = YES;
				CLANG_WARN_BLOCK_CAPTURE_AUTORELEASING = YES;
				CLANG_WARN_BOOL_CONVERSION = YES;
				CLANG_WARN_COMMA = YES;
				CLANG_WARN_CONSTANT_CONVERSION = YES;
				CLANG_WARN_DIRECT_OBJC_ISA_USAGE = YES_ERROR;
				CLANG_WARN_DOCUMENTATION_COMMENTS = YES;
				CLANG_WARN_EMPTY_BODY = YES;
				CLANG_WARN_ENUM_CONVERSION = YES;
				CLANG_WARN_INFINITE_RECURSION = YES;
				CLANG_WARN_INT_CONVERSION = YES;
				CLANG_WARN_NON_LITERAL_NULL_CONVERSION = YES;
				CLANG_WARN_OBJC_LITERAL_CONVERSION = YES;
				CLANG_WARN_OBJC_ROOT_CLASS = YES_ERROR;
				CLANG_WARN_RANGE_LOOP_ANALYSIS = YES;
				CLANG_WARN_STRICT_PROTOTYPES = YES;
				CLANG_WARN_SUSPICIOUS_MOVE = YES;
				CLANG_WARN_UNGUARDED_AVAILABILITY = YES_AGGRESSIVE;
				CLANG_WARN_UNREACHABLE_CODE = YES;
				CLANG_WARN__DUPLICATE_METHOD_MATCH = YES;
				CODE_SIGN_IDENTITY = "iPhone Developer";
				COPY_PHASE_STRIP = NO;
				DEBUG_INFORMATION_FORMAT = "dwarf-with-dsym";
				ENABLE_NS_ASSERTIONS = NO;
				ENABLE_STRICT_OBJC_MSGSEND = YES;
				GCC_C_LANGUAGE_STANDARD = gnu11;
				GCC_NO_COMMON_BLOCKS = YES;
				GCC_WARN_64_TO_32_BIT_CONVERSION = YES;
				GCC_WARN_ABOUT_RETURN_TYPE = YES_ERROR;
				GCC_WARN_UNDECLARED_SELECTOR = YES;
				GCC_WARN_UNINITIALIZED_AUTOS = YES_AGGRESSIVE;
				GCC_WARN_UNUSED_FUNCTION = YES;
				GCC_WARN_UNUSED_VARIABLE = YES;
				IPHONEOS_DEPLOYMENT_TARGET = 11.2;
				MTL_ENABLE_DEBUG_INFO = NO;
				SDKROOT = iphoneos;
				SWIFT_OPTIMIZATION_LEVEL = "-Owholemodule";
				VALIDATE_PRODUCT = YES;
			};
			name = Release;
		};
		766417511FE3AB9B009763BF /* Debug */ = {
			isa = XCBuildConfiguration;
			baseConfigurationReference = 33503AD5166940AA6B63A52D /* Pods-YouYaoQi.debug.xcconfig */;
			buildSettings = {
				ASSETCATALOG_COMPILER_APPICON_NAME = AppIcon;
				CODE_SIGN_STYLE = Automatic;
				INFOPLIST_FILE = YouYaoQi/Info.plist;
				IPHONEOS_DEPLOYMENT_TARGET = 9.0;
				LD_RUNPATH_SEARCH_PATHS = "$(inherited) @executable_path/Frameworks";
				PRODUCT_BUNDLE_IDENTIFIER = com.nanjingpinjia.YouYaoQi;
				PRODUCT_NAME = "$(TARGET_NAME)";
				SWIFT_VERSION = 4.0;
				TARGETED_DEVICE_FAMILY = 1;
			};
			name = Debug;
		};
		766417521FE3AB9B009763BF /* Release */ = {
			isa = XCBuildConfiguration;
			baseConfigurationReference = 8A0DE7B6FEB6E3F045EF71B4 /* Pods-YouYaoQi.release.xcconfig */;
			buildSettings = {
				ASSETCATALOG_COMPILER_APPICON_NAME = AppIcon;
				CODE_SIGN_STYLE = Automatic;
				INFOPLIST_FILE = YouYaoQi/Info.plist;
				IPHONEOS_DEPLOYMENT_TARGET = 9.0;
				LD_RUNPATH_SEARCH_PATHS = "$(inherited) @executable_path/Frameworks";
				PRODUCT_BUNDLE_IDENTIFIER = com.nanjingpinjia.YouYaoQi;
				PRODUCT_NAME = "$(TARGET_NAME)";
				SWIFT_VERSION = 4.0;
				TARGETED_DEVICE_FAMILY = 1;
			};
			name = Release;
		};
		766417541FE3AB9B009763BF /* Debug */ = {
			isa = XCBuildConfiguration;
			baseConfigurationReference = 74BCFD2C3FE4BAF13C2B06B0 /* Pods-YouYaoQiTests.debug.xcconfig */;
			buildSettings = {
				ALWAYS_EMBED_SWIFT_STANDARD_LIBRARIES = YES;
				BUNDLE_LOADER = "$(TEST_HOST)";
				CODE_SIGN_STYLE = Automatic;
				INFOPLIST_FILE = YouYaoQiTests/Info.plist;
				LD_RUNPATH_SEARCH_PATHS = "$(inherited) @executable_path/Frameworks @loader_path/Frameworks";
				PRODUCT_BUNDLE_IDENTIFIER = com.nanjingpinjia.YouYaoQiTests;
				PRODUCT_NAME = "$(TARGET_NAME)";
				SWIFT_VERSION = 4.0;
				TARGETED_DEVICE_FAMILY = "1,2";
				TEST_HOST = "$(BUILT_PRODUCTS_DIR)/YouYaoQi.app/YouYaoQi";
			};
			name = Debug;
		};
		766417551FE3AB9B009763BF /* Release */ = {
			isa = XCBuildConfiguration;
			baseConfigurationReference = E5F565E38D2C6270E16DE5BF /* Pods-YouYaoQiTests.release.xcconfig */;
			buildSettings = {
				ALWAYS_EMBED_SWIFT_STANDARD_LIBRARIES = YES;
				BUNDLE_LOADER = "$(TEST_HOST)";
				CODE_SIGN_STYLE = Automatic;
				INFOPLIST_FILE = YouYaoQiTests/Info.plist;
				LD_RUNPATH_SEARCH_PATHS = "$(inherited) @executable_path/Frameworks @loader_path/Frameworks";
				PRODUCT_BUNDLE_IDENTIFIER = com.nanjingpinjia.YouYaoQiTests;
				PRODUCT_NAME = "$(TARGET_NAME)";
				SWIFT_VERSION = 4.0;
				TARGETED_DEVICE_FAMILY = "1,2";
				TEST_HOST = "$(BUILT_PRODUCTS_DIR)/YouYaoQi.app/YouYaoQi";
			};
			name = Release;
		};
		766417571FE3AB9B009763BF /* Debug */ = {
			isa = XCBuildConfiguration;
			baseConfigurationReference = 29DBB16EFA908F0F06C91C7A /* Pods-YouYaoQiUITests.debug.xcconfig */;
			buildSettings = {
				ALWAYS_EMBED_SWIFT_STANDARD_LIBRARIES = YES;
				CODE_SIGN_STYLE = Automatic;
				INFOPLIST_FILE = YouYaoQiUITests/Info.plist;
				LD_RUNPATH_SEARCH_PATHS = "$(inherited) @executable_path/Frameworks @loader_path/Frameworks";
				PRODUCT_BUNDLE_IDENTIFIER = com.nanjingpinjia.YouYaoQiUITests;
				PRODUCT_NAME = "$(TARGET_NAME)";
				SWIFT_VERSION = 4.0;
				TARGETED_DEVICE_FAMILY = "1,2";
				TEST_TARGET_NAME = YouYaoQi;
			};
			name = Debug;
		};
		766417581FE3AB9B009763BF /* Release */ = {
			isa = XCBuildConfiguration;
			baseConfigurationReference = 11D5D680979520BF78E8A81E /* Pods-YouYaoQiUITests.release.xcconfig */;
			buildSettings = {
				ALWAYS_EMBED_SWIFT_STANDARD_LIBRARIES = YES;
				CODE_SIGN_STYLE = Automatic;
				INFOPLIST_FILE = YouYaoQiUITests/Info.plist;
				LD_RUNPATH_SEARCH_PATHS = "$(inherited) @executable_path/Frameworks @loader_path/Frameworks";
				PRODUCT_BUNDLE_IDENTIFIER = com.nanjingpinjia.YouYaoQiUITests;
				PRODUCT_NAME = "$(TARGET_NAME)";
				SWIFT_VERSION = 4.0;
				TARGETED_DEVICE_FAMILY = "1,2";
				TEST_TARGET_NAME = YouYaoQi;
			};
			name = Release;
		};
/* End XCBuildConfiguration section */

/* Begin XCConfigurationList section */
		766417231FE3AB9A009763BF /* Build configuration list for PBXProject "YouYaoQi" */ = {
			isa = XCConfigurationList;
			buildConfigurations = (
				7664174E1FE3AB9B009763BF /* Debug */,
				7664174F1FE3AB9B009763BF /* Release */,
			);
			defaultConfigurationIsVisible = 0;
			defaultConfigurationName = Release;
		};
		766417501FE3AB9B009763BF /* Build configuration list for PBXNativeTarget "YouYaoQi" */ = {
			isa = XCConfigurationList;
			buildConfigurations = (
				766417511FE3AB9B009763BF /* Debug */,
				766417521FE3AB9B009763BF /* Release */,
			);
			defaultConfigurationIsVisible = 0;
			defaultConfigurationName = Release;
		};
		766417531FE3AB9B009763BF /* Build configuration list for PBXNativeTarget "YouYaoQiTests" */ = {
			isa = XCConfigurationList;
			buildConfigurations = (
				766417541FE3AB9B009763BF /* Debug */,
				766417551FE3AB9B009763BF /* Release */,
			);
			defaultConfigurationIsVisible = 0;
			defaultConfigurationName = Release;
		};
		766417561FE3AB9B009763BF /* Build configuration list for PBXNativeTarget "YouYaoQiUITests" */ = {
			isa = XCConfigurationList;
			buildConfigurations = (
				766417571FE3AB9B009763BF /* Debug */,
				766417581FE3AB9B009763BF /* Release */,
			);
			defaultConfigurationIsVisible = 0;
			defaultConfigurationName = Release;
		};
/* End XCConfigurationList section */
	};
	rootObject = 766417201FE3AB9A009763BF /* Project object */;
}
